<?xml version="1.0" encoding="UTF-8"?>
<Scheme
   LastUpgradeVersion = "0720"
   version = "1.3">
   <BuildAction
      parallelizeBuildables = "YES"
      buildImplicitDependencies = "YES">
      <BuildActionEntries>
         <BuildActionEntry
            buildForTesting = "YES"
            buildForRunning = "YES"
            buildForProfiling = "YES"
            buildForArchiving = "YES"
            buildForAnalyzing = "YES">
            <BuildableReference
               BuildableIdentifier = "primary"
               BlueprintIdentifier = "83D3E8741C4C01E800BFDA93"
               BuildableName = "Tests.app"
               BlueprintName = "Tests"
               ReferencedContainer = "container:Tests.xcodeproj">
            </BuildableReference>
         </BuildActionEntry>
      </BuildActionEntries>
   </BuildAction>
   <TestAction
      buildConfiguration = "Debug"
      selectedDebuggerIdentifier = "Xcode.DebuggerFoundation.Debugger.LLDB"
      selectedLauncherIdentifier = "Xcode.DebuggerFoundation.Launcher.LLDB"
      shouldUseLaunchSchemeArgsEnv = "YES">
      <Testables>
         <TestableReference
            skipped = "NO">
            <BuildableReference
               BuildableIdentifier = "primary"
               BlueprintIdentifier = "83D3E88B1C4C01E800BFDA93"
               BuildableName = "XCTests.xctest"
               BlueprintName = "XCTests"
               ReferencedContainer = "container:Tests.xcodeproj">
            </BuildableReference>
            <SkippedTests>
               <Test
                  Identifier = "DownloadConflicts/testThatDownloadFileLocalUploadDeleteWorks()">
               </Test>
               <Test
                  Identifier = "DownloadConflicts/testThatDownloadFileLocalUploadDeletionDeleteWorks()">
               </Test>
               <Test
                  Identifier = "DownloadConflicts/testThatDownloadFileLocalUploadKeepWorks()">
               </Test>
               <Test
                  Identifier = "DownloadDeletionRecovery/testThatDownloadDeletionOfASingleFileThatExistsCrashBeforeAcknowledgeWorks()">
               </Test>
               <Test
                  Identifier = "DownloadRecovery/testThatCrash1RecoveryAfterOnSingleFileWorks()">
               </Test>
               <Test
                  Identifier = "DownloadRecovery/testThatCrash1RecoveryAfterSingleFileWorks()">
               </Test>
               <Test
                  Identifier = "DownloadRecovery/testThatCrash2RecoveryAfterSingleFileWorks()">
               </Test>
               <Test
                  Identifier = "DownloadRecovery/testThatCrash3RecoveryAfterTwoFileWorks()">
               </Test>
               <Test
                  Identifier = "DownloadRecovery/testThatCrash4RecoveryAfterTwoFileWorks()">
               </Test>
               <Test
                  Identifier = "Upload/testThatRecoveryAfterAppCrashWorks()">
               </Test>
               <Test
                  Identifier = "UploadRecovery/testThatRecoveryAfter1Of2UploadsAppCrashWorks()">
               </Test>
               <Test
                  Identifier = "UploadRecovery/testThatRecoveryAfterAppCrashWorks()">
               </Test>
            </SkippedTests>
         </TestableReference>
      </Testables>
      <MacroExpansion>
         <BuildableReference
            BuildableIdentifier = "primary"
            BlueprintIdentifier = "83D3E8741C4C01E800BFDA93"
            BuildableName = "Tests.app"
            BlueprintName = "Tests"
            ReferencedContainer = "container:Tests.xcodeproj">
         </BuildableReference>
      </MacroExpansion>
      <AdditionalOptions>
      </AdditionalOptions>
   </TestAction>
   <LaunchAction
      buildConfiguration = "Debug"
      selectedDebuggerIdentifier = "Xcode.DebuggerFoundation.Debugger.LLDB"
      selectedLauncherIdentifier = "Xcode.DebuggerFoundation.Launcher.LLDB"
      launchStyle = "0"
      useCustomWorkingDirectory = "NO"
      ignoresPersistentStateOnLaunch = "NO"
      debugDocumentVersioning = "YES"
      debugServiceExtension = "internal"
      allowLocationSimulation = "YES">
      <BuildableProductRunnable
         runnableDebuggingMode = "0">
         <BuildableReference
            BuildableIdentifier = "primary"
            BlueprintIdentifier = "83D3E8741C4C01E800BFDA93"
            BuildableName = "Tests.app"
            BlueprintName = "Tests"
            ReferencedContainer = "container:Tests.xcodeproj">
         </BuildableReference>
      </BuildableProductRunnable>
      <AdditionalOptions>
      </AdditionalOptions>
   </LaunchAction>
   <ProfileAction
      buildConfiguration = "Release"
      shouldUseLaunchSchemeArgsEnv = "YES"
      savedToolIdentifier = ""
      useCustomWorkingDirectory = "NO"
      debugDocumentVersioning = "YES">
      <BuildableProductRunnable
         runnableDebuggingMode = "0">
         <BuildableReference
            BuildableIdentifier = "primary"
            BlueprintIdentifier = "83D3E8741C4C01E800BFDA93"
            BuildableName = "Tests.app"
            BlueprintName = "Tests"
            ReferencedContainer = "container:Tests.xcodeproj">
         </BuildableReference>
      </BuildableProductRunnable>
   </ProfileAction>
   <AnalyzeAction
      buildConfiguration = "Debug">
   </AnalyzeAction>
   <ArchiveAction
      buildConfiguration = "Release"
      revealArchiveInOrganizer = "YES">
   </ArchiveAction>
</Scheme>
