// !$*UTF8*$!
{
	archiveVersion = 1;
	classes = {
	};
	objectVersion = 46;
	objects = {

/* Begin PBXBuildFile section */
		55AAC6F11C5D4672003E47CE /* UIDevice+Extras.h in Headers */ = {isa = PBXBuildFile; fileRef = 55AAC6EF1C5D4672003E47CE /* UIDevice+Extras.h */; settings = {ATTRIBUTES = (Public, ); }; };
		55AAC6F21C5D4672003E47CE /* UIDevice+Extras.m in Sources */ = {isa = PBXBuildFile; fileRef = 55AAC6F01C5D4672003E47CE /* UIDevice+Extras.m */; };
		835D800E1C6422F9004DBF79 /* SMModal.h in Headers */ = {isa = PBXBuildFile; fileRef = 835D800C1C6422F9004DBF79 /* SMModal.h */; settings = {ATTRIBUTES = (Public, ); }; };
		835D800F1C6422F9004DBF79 /* SMModal.m in Sources */ = {isa = PBXBuildFile; fileRef = 835D800D1C6422F9004DBF79 /* SMModal.m */; };
		835D80181C6423BF004DBF79 /* SMAppearance.h in Headers */ = {isa = PBXBuildFile; fileRef = 835D80161C6423BF004DBF79 /* SMAppearance.h */; };
		835D80191C6423BF004DBF79 /* SMAppearance.m in Sources */ = {isa = PBXBuildFile; fileRef = 835D80171C6423BF004DBF79 /* SMAppearance.m */; };
		835D801D1C6423FA004DBF79 /* SMRotation.h in Headers */ = {isa = PBXBuildFile; fileRef = 835D801B1C6423FA004DBF79 /* SMRotation.h */; };
		835D801E1C6423FA004DBF79 /* SMRotation.m in Sources */ = {isa = PBXBuildFile; fileRef = 835D801C1C6423FA004DBF79 /* SMRotation.m */; };
		835D80211C64242E004DBF79 /* UIViewController+Extras.h in Headers */ = {isa = PBXBuildFile; fileRef = 835D801F1C64242E004DBF79 /* UIViewController+Extras.h */; };
		835D80221C64242E004DBF79 /* UIViewController+Extras.m in Sources */ = {isa = PBXBuildFile; fileRef = 835D80201C64242E004DBF79 /* UIViewController+Extras.m */; };
		835D80251C64243E004DBF79 /* UINavigationController+Extras.h in Headers */ = {isa = PBXBuildFile; fileRef = 835D80231C64243E004DBF79 /* UINavigationController+Extras.h */; };
		835D80261C64243E004DBF79 /* UINavigationController+Extras.m in Sources */ = {isa = PBXBuildFile; fileRef = 835D80241C64243E004DBF79 /* UINavigationController+Extras.m */; };
		835D802E1C648F5B004DBF79 /* ChangeFrameTransitioningDelegate.h in Headers */ = {isa = PBXBuildFile; fileRef = 835D802C1C648F5B004DBF79 /* ChangeFrameTransitioningDelegate.h */; settings = {ATTRIBUTES = (Public, ); }; };
		835D802F1C648F5B004DBF79 /* ChangeFrameTransitioningDelegate.m in Sources */ = {isa = PBXBuildFile; fileRef = 835D802D1C648F5B004DBF79 /* ChangeFrameTransitioningDelegate.m */; };
		83D3ECF01C4DBFD000BFDA93 /* SMCoreLib.framework in Frameworks */ = {isa = PBXBuildFile; fileRef = 83D3ECE51C4DBFCF00BFDA93 /* SMCoreLib.framework */; };
		83D3ECF51C4DBFD000BFDA93 /* SMCoreLibTests.swift in Sources */ = {isa = PBXBuildFile; fileRef = 83D3ECF41C4DBFD000BFDA93 /* SMCoreLibTests.swift */; };
		83D3ED051C4DC2AC00BFDA93 /* SMCoreLib.h in Headers */ = {isa = PBXBuildFile; fileRef = 83D3ED041C4DC2AC00BFDA93 /* SMCoreLib.h */; settings = {ATTRIBUTES = (Public, ); }; };
		83D3ED121C4DC81000BFDA93 /* UserMessage.h in Headers */ = {isa = PBXBuildFile; fileRef = 83D3ED101C4DC81000BFDA93 /* UserMessage.h */; settings = {ATTRIBUTES = (Public, ); }; };
		83D3ED131C4DC81000BFDA93 /* UserMessage.m in Sources */ = {isa = PBXBuildFile; fileRef = 83D3ED111C4DC81000BFDA93 /* UserMessage.m */; };
		83D3ED251C4DC84500BFDA93 /* AFHTTPSessionManager.h in Headers */ = {isa = PBXBuildFile; fileRef = 83D3ED181C4DC84500BFDA93 /* AFHTTPSessionManager.h */; settings = {ATTRIBUTES = (Public, ); }; };
		83D3ED261C4DC84500BFDA93 /* AFHTTPSessionManager.m in Sources */ = {isa = PBXBuildFile; fileRef = 83D3ED191C4DC84500BFDA93 /* AFHTTPSessionManager.m */; };
		83D3ED271C4DC84500BFDA93 /* AFNetworking.h in Headers */ = {isa = PBXBuildFile; fileRef = 83D3ED1A1C4DC84500BFDA93 /* AFNetworking.h */; settings = {ATTRIBUTES = (Public, ); }; };
		83D3ED281C4DC84500BFDA93 /* AFNetworkReachabilityManager.h in Headers */ = {isa = PBXBuildFile; fileRef = 83D3ED1B1C4DC84500BFDA93 /* AFNetworkReachabilityManager.h */; settings = {ATTRIBUTES = (Public, ); }; };
		83D3ED291C4DC84500BFDA93 /* AFNetworkReachabilityManager.m in Sources */ = {isa = PBXBuildFile; fileRef = 83D3ED1C1C4DC84500BFDA93 /* AFNetworkReachabilityManager.m */; };
		83D3ED2A1C4DC84500BFDA93 /* AFSecurityPolicy.h in Headers */ = {isa = PBXBuildFile; fileRef = 83D3ED1D1C4DC84500BFDA93 /* AFSecurityPolicy.h */; settings = {ATTRIBUTES = (Public, ); }; };
		83D3ED2B1C4DC84500BFDA93 /* AFSecurityPolicy.m in Sources */ = {isa = PBXBuildFile; fileRef = 83D3ED1E1C4DC84500BFDA93 /* AFSecurityPolicy.m */; };
		83D3ED2C1C4DC84500BFDA93 /* AFURLRequestSerialization.h in Headers */ = {isa = PBXBuildFile; fileRef = 83D3ED1F1C4DC84500BFDA93 /* AFURLRequestSerialization.h */; settings = {ATTRIBUTES = (Public, ); }; };
		83D3ED2D1C4DC84500BFDA93 /* AFURLRequestSerialization.m in Sources */ = {isa = PBXBuildFile; fileRef = 83D3ED201C4DC84500BFDA93 /* AFURLRequestSerialization.m */; };
		83D3ED2E1C4DC84500BFDA93 /* AFURLResponseSerialization.h in Headers */ = {isa = PBXBuildFile; fileRef = 83D3ED211C4DC84500BFDA93 /* AFURLResponseSerialization.h */; settings = {ATTRIBUTES = (Public, ); }; };
		83D3ED2F1C4DC84500BFDA93 /* AFURLResponseSerialization.m in Sources */ = {isa = PBXBuildFile; fileRef = 83D3ED221C4DC84500BFDA93 /* AFURLResponseSerialization.m */; };
		83D3ED301C4DC84500BFDA93 /* AFURLSessionManager.h in Headers */ = {isa = PBXBuildFile; fileRef = 83D3ED231C4DC84500BFDA93 /* AFURLSessionManager.h */; settings = {ATTRIBUTES = (Public, ); }; };
		83D3ED311C4DC84500BFDA93 /* AFURLSessionManager.m in Sources */ = {isa = PBXBuildFile; fileRef = 83D3ED241C4DC84500BFDA93 /* AFURLSessionManager.m */; };
		83D3ED461C4DC85300BFDA93 /* AFAutoPurgingImageCache.h in Headers */ = {isa = PBXBuildFile; fileRef = 83D3ED321C4DC85300BFDA93 /* AFAutoPurgingImageCache.h */; settings = {ATTRIBUTES = (Public, ); }; };
		83D3ED471C4DC85300BFDA93 /* AFAutoPurgingImageCache.m in Sources */ = {isa = PBXBuildFile; fileRef = 83D3ED331C4DC85300BFDA93 /* AFAutoPurgingImageCache.m */; };
		83D3ED481C4DC85300BFDA93 /* AFImageDownloader.h in Headers */ = {isa = PBXBuildFile; fileRef = 83D3ED341C4DC85300BFDA93 /* AFImageDownloader.h */; settings = {ATTRIBUTES = (Public, ); }; };
		83D3ED491C4DC85300BFDA93 /* AFImageDownloader.m in Sources */ = {isa = PBXBuildFile; fileRef = 83D3ED351C4DC85300BFDA93 /* AFImageDownloader.m */; };
		83D3ED4A1C4DC85300BFDA93 /* AFNetworkActivityIndicatorManager.h in Headers */ = {isa = PBXBuildFile; fileRef = 83D3ED361C4DC85300BFDA93 /* AFNetworkActivityIndicatorManager.h */; settings = {ATTRIBUTES = (Public, ); }; };
		83D3ED4B1C4DC85300BFDA93 /* AFNetworkActivityIndicatorManager.m in Sources */ = {isa = PBXBuildFile; fileRef = 83D3ED371C4DC85300BFDA93 /* AFNetworkActivityIndicatorManager.m */; };
		83D3ED4C1C4DC85300BFDA93 /* UIActivityIndicatorView+AFNetworking.h in Headers */ = {isa = PBXBuildFile; fileRef = 83D3ED381C4DC85300BFDA93 /* UIActivityIndicatorView+AFNetworking.h */; settings = {ATTRIBUTES = (Public, ); }; };
		83D3ED4D1C4DC85300BFDA93 /* UIActivityIndicatorView+AFNetworking.m in Sources */ = {isa = PBXBuildFile; fileRef = 83D3ED391C4DC85300BFDA93 /* UIActivityIndicatorView+AFNetworking.m */; };
		83D3ED4E1C4DC85300BFDA93 /* UIButton+AFNetworking.h in Headers */ = {isa = PBXBuildFile; fileRef = 83D3ED3A1C4DC85300BFDA93 /* UIButton+AFNetworking.h */; settings = {ATTRIBUTES = (Public, ); }; };
		83D3ED4F1C4DC85300BFDA93 /* UIButton+AFNetworking.m in Sources */ = {isa = PBXBuildFile; fileRef = 83D3ED3B1C4DC85300BFDA93 /* UIButton+AFNetworking.m */; };
		83D3ED501C4DC85300BFDA93 /* UIImage+AFNetworking.h in Headers */ = {isa = PBXBuildFile; fileRef = 83D3ED3C1C4DC85300BFDA93 /* UIImage+AFNetworking.h */; };
		83D3ED511C4DC85300BFDA93 /* UIImageView+AFNetworking.h in Headers */ = {isa = PBXBuildFile; fileRef = 83D3ED3D1C4DC85300BFDA93 /* UIImageView+AFNetworking.h */; settings = {ATTRIBUTES = (Public, ); }; };
		83D3ED521C4DC85300BFDA93 /* UIImageView+AFNetworking.m in Sources */ = {isa = PBXBuildFile; fileRef = 83D3ED3E1C4DC85300BFDA93 /* UIImageView+AFNetworking.m */; };
		83D3ED531C4DC85300BFDA93 /* UIKit+AFNetworking.h in Headers */ = {isa = PBXBuildFile; fileRef = 83D3ED3F1C4DC85300BFDA93 /* UIKit+AFNetworking.h */; settings = {ATTRIBUTES = (Public, ); }; };
		83D3ED541C4DC85300BFDA93 /* UIProgressView+AFNetworking.h in Headers */ = {isa = PBXBuildFile; fileRef = 83D3ED401C4DC85300BFDA93 /* UIProgressView+AFNetworking.h */; settings = {ATTRIBUTES = (Public, ); }; };
		83D3ED551C4DC85300BFDA93 /* UIProgressView+AFNetworking.m in Sources */ = {isa = PBXBuildFile; fileRef = 83D3ED411C4DC85300BFDA93 /* UIProgressView+AFNetworking.m */; };
		83D3ED561C4DC85300BFDA93 /* UIRefreshControl+AFNetworking.h in Headers */ = {isa = PBXBuildFile; fileRef = 83D3ED421C4DC85300BFDA93 /* UIRefreshControl+AFNetworking.h */; settings = {ATTRIBUTES = (Public, ); }; };
		83D3ED571C4DC85300BFDA93 /* UIRefreshControl+AFNetworking.m in Sources */ = {isa = PBXBuildFile; fileRef = 83D3ED431C4DC85300BFDA93 /* UIRefreshControl+AFNetworking.m */; };
		83D3ED581C4DC85300BFDA93 /* UIWebView+AFNetworking.h in Headers */ = {isa = PBXBuildFile; fileRef = 83D3ED441C4DC85300BFDA93 /* UIWebView+AFNetworking.h */; settings = {ATTRIBUTES = (Public, ); }; };
		83D3ED591C4DC85300BFDA93 /* UIWebView+AFNetworking.m in Sources */ = {isa = PBXBuildFile; fileRef = 83D3ED451C4DC85300BFDA93 /* UIWebView+AFNetworking.m */; };
		83D3ED5C1C4DC86600BFDA93 /* Reachability.h in Headers */ = {isa = PBXBuildFile; fileRef = 83D3ED5A1C4DC86600BFDA93 /* Reachability.h */; };
		83D3ED5D1C4DC86600BFDA93 /* Reachability.m in Sources */ = {isa = PBXBuildFile; fileRef = 83D3ED5B1C4DC86600BFDA93 /* Reachability.m */; };
		83D3ED601C4DC87700BFDA93 /* NSArray+Globbing.h in Headers */ = {isa = PBXBuildFile; fileRef = 83D3ED5E1C4DC87700BFDA93 /* NSArray+Globbing.h */; };
		83D3ED611C4DC87700BFDA93 /* NSArray+Globbing.m in Sources */ = {isa = PBXBuildFile; fileRef = 83D3ED5F1C4DC87700BFDA93 /* NSArray+Globbing.m */; };
		83D3ED661C4DC89200BFDA93 /* KeyChain.h in Headers */ = {isa = PBXBuildFile; fileRef = 83D3ED621C4DC89200BFDA93 /* KeyChain.h */; settings = {ATTRIBUTES = (Public, ); }; };
		83D3ED671C4DC89200BFDA93 /* KeyChain.m in Sources */ = {isa = PBXBuildFile; fileRef = 83D3ED631C4DC89200BFDA93 /* KeyChain.m */; };
		83D3ED691C4DC89200BFDA93 /* SMPersistVars.swift in Sources */ = {isa = PBXBuildFile; fileRef = 83D3ED651C4DC89200BFDA93 /* SMPersistVars.swift */; };
		83D3ED6C1C4DC8CE00BFDA93 /* Network.h in Headers */ = {isa = PBXBuildFile; fileRef = 83D3ED6A1C4DC8CE00BFDA93 /* Network.h */; settings = {ATTRIBUTES = (Public, ); }; };
		83D3ED6D1C4DC8CE00BFDA93 /* Network.m in Sources */ = {isa = PBXBuildFile; fileRef = 83D3ED6B1C4DC8CE00BFDA93 /* Network.m */; };
		83D3ED701C4DC8F300BFDA93 /* SMMutableDictionary.h in Headers */ = {isa = PBXBuildFile; fileRef = 83D3ED6E1C4DC8F300BFDA93 /* SMMutableDictionary.h */; settings = {ATTRIBUTES = (Public, ); }; };
		83D3ED711C4DC8F300BFDA93 /* SMMutableDictionary.m in Sources */ = {isa = PBXBuildFile; fileRef = 83D3ED6F1C4DC8F300BFDA93 /* SMMutableDictionary.m */; };
		83D3ED741C4DC90400BFDA93 /* SMUIMessages.h in Headers */ = {isa = PBXBuildFile; fileRef = 83D3ED721C4DC90400BFDA93 /* SMUIMessages.h */; settings = {ATTRIBUTES = (Public, ); }; };
		83D3ED751C4DC90400BFDA93 /* SMUIMessages.m in Sources */ = {isa = PBXBuildFile; fileRef = 83D3ED731C4DC90400BFDA93 /* SMUIMessages.m */; };
		83D3ED871C4DC92800BFDA93 /* BiRef.h in Headers */ = {isa = PBXBuildFile; fileRef = 83D3ED761C4DC92800BFDA93 /* BiRef.h */; settings = {ATTRIBUTES = (Public, ); }; };
		83D3ED881C4DC92800BFDA93 /* BiRef.m in Sources */ = {isa = PBXBuildFile; fileRef = 83D3ED771C4DC92800BFDA93 /* BiRef.m */; };
		83D3ED891C4DC92800BFDA93 /* Debounce.h in Headers */ = {isa = PBXBuildFile; fileRef = 83D3ED781C4DC92800BFDA93 /* Debounce.h */; settings = {ATTRIBUTES = (Public, ); }; };
		83D3ED8A1C4DC92800BFDA93 /* Debounce.m in Sources */ = {isa = PBXBuildFile; fileRef = 83D3ED791C4DC92800BFDA93 /* Debounce.m */; };
		83D3ED8B1C4DC92800BFDA93 /* FileStorage.h in Headers */ = {isa = PBXBuildFile; fileRef = 83D3ED7A1C4DC92800BFDA93 /* FileStorage.h */; settings = {ATTRIBUTES = (Public, ); }; };
		83D3ED8C1C4DC92800BFDA93 /* FileStorage.m in Sources */ = {isa = PBXBuildFile; fileRef = 83D3ED7B1C4DC92800BFDA93 /* FileStorage.m */; };
		83D3ED8D1C4DC92800BFDA93 /* SMIdentifiers2.h in Headers */ = {isa = PBXBuildFile; fileRef = 83D3ED7C1C4DC92800BFDA93 /* SMIdentifiers2.h */; settings = {ATTRIBUTES = (Public, ); }; };
		83D3ED8E1C4DC92800BFDA93 /* SMIdentifiers2.m in Sources */ = {isa = PBXBuildFile; fileRef = 83D3ED7D1C4DC92800BFDA93 /* SMIdentifiers2.m */; };
		83D3ED8F1C4DC92800BFDA93 /* Synchronized.swift in Sources */ = {isa = PBXBuildFile; fileRef = 83D3ED7E1C4DC92800BFDA93 /* Synchronized.swift */; };
		83D3ED901C4DC92800BFDA93 /* RepeatingTimer.h in Headers */ = {isa = PBXBuildFile; fileRef = 83D3ED7F1C4DC92800BFDA93 /* RepeatingTimer.h */; settings = {ATTRIBUTES = (Public, ); }; };
		83D3ED911C4DC92800BFDA93 /* RepeatingTimer.m in Sources */ = {isa = PBXBuildFile; fileRef = 83D3ED801C4DC92800BFDA93 /* RepeatingTimer.m */; };
		83D3ED921C4DC92800BFDA93 /* TimedCallback.h in Headers */ = {isa = PBXBuildFile; fileRef = 83D3ED811C4DC92800BFDA93 /* TimedCallback.h */; settings = {ATTRIBUTES = (Public, ); }; };
		83D3ED931C4DC92800BFDA93 /* TimedCallback.m in Sources */ = {isa = PBXBuildFile; fileRef = 83D3ED821C4DC92800BFDA93 /* TimedCallback.m */; };
		83D3ED941C4DC92800BFDA93 /* UUID.h in Headers */ = {isa = PBXBuildFile; fileRef = 83D3ED831C4DC92800BFDA93 /* UUID.h */; settings = {ATTRIBUTES = (Public, ); }; };
		83D3ED951C4DC92800BFDA93 /* UUID.m in Sources */ = {isa = PBXBuildFile; fileRef = 83D3ED841C4DC92800BFDA93 /* UUID.m */; };
		83D3ED961C4DC92800BFDA93 /* WeakRef.h in Headers */ = {isa = PBXBuildFile; fileRef = 83D3ED851C4DC92800BFDA93 /* WeakRef.h */; settings = {ATTRIBUTES = (Public, ); }; };
		83D3ED971C4DC92800BFDA93 /* WeakRef.m in Sources */ = {isa = PBXBuildFile; fileRef = 83D3ED861C4DC92800BFDA93 /* WeakRef.m */; };
		83D3EDA11C4DC93900BFDA93 /* Assert.swift in Sources */ = {isa = PBXBuildFile; fileRef = 83D3ED981C4DC93900BFDA93 /* Assert.swift */; };
		83D3EDA21C4DC93900BFDA93 /* Error.swift in Sources */ = {isa = PBXBuildFile; fileRef = 83D3ED991C4DC93900BFDA93 /* Error.swift */; };
		83D3EDA31C4DC93900BFDA93 /* Log.swift in Sources */ = {isa = PBXBuildFile; fileRef = 83D3ED9A1C4DC93900BFDA93 /* Log.swift */; };
		83D3EDA41C4DC93900BFDA93 /* LogFile.h in Headers */ = {isa = PBXBuildFile; fileRef = 83D3ED9B1C4DC93900BFDA93 /* LogFile.h */; settings = {ATTRIBUTES = (Public, ); }; };
		83D3EDA51C4DC93900BFDA93 /* LogFile.m in Sources */ = {isa = PBXBuildFile; fileRef = 83D3ED9C1C4DC93900BFDA93 /* LogFile.m */; };
		83D3EDA61C4DC93900BFDA93 /* SMAssert.h in Headers */ = {isa = PBXBuildFile; fileRef = 83D3ED9D1C4DC93900BFDA93 /* SMAssert.h */; settings = {ATTRIBUTES = (Public, ); }; };
		83D3EDA71C4DC93900BFDA93 /* SMAssert.m in Sources */ = {isa = PBXBuildFile; fileRef = 83D3ED9E1C4DC93900BFDA93 /* SMAssert.m */; };
		83D3EDA81C4DC93900BFDA93 /* SMDebug.swift in Sources */ = {isa = PBXBuildFile; fileRef = 83D3ED9F1C4DC93900BFDA93 /* SMDebug.swift */; };
		83D3EDA91C4DC93900BFDA93 /* SPASLog.h in Headers */ = {isa = PBXBuildFile; fileRef = 83D3EDA01C4DC93900BFDA93 /* SPASLog.h */; settings = {ATTRIBUTES = (Public, ); }; };
		83D3EDAE1C4DC94800BFDA93 /* CoreDataSource.h in Headers */ = {isa = PBXBuildFile; fileRef = 83D3EDAA1C4DC94800BFDA93 /* CoreDataSource.h */; settings = {ATTRIBUTES = (Public, ); }; };
		83D3EDAF1C4DC94800BFDA93 /* CoreDataSource.m in Sources */ = {isa = PBXBuildFile; fileRef = 83D3EDAB1C4DC94800BFDA93 /* CoreDataSource.m */; };
		83D3EDB01C4DC94800BFDA93 /* CoreData.h in Headers */ = {isa = PBXBuildFile; fileRef = 83D3EDAC1C4DC94800BFDA93 /* CoreData.h */; settings = {ATTRIBUTES = (Public, ); }; };
		83D3EDB11C4DC94800BFDA93 /* CoreData.m in Sources */ = {isa = PBXBuildFile; fileRef = 83D3EDAD1C4DC94800BFDA93 /* CoreData.m */; };
		83D3EDB41C4DC96400BFDA93 /* UIView+Extras.h in Headers */ = {isa = PBXBuildFile; fileRef = 83D3EDB21C4DC96400BFDA93 /* UIView+Extras.h */; settings = {ATTRIBUTES = (Public, ); }; };
		83D3EDB51C4DC96400BFDA93 /* UIView+Extras.m in Sources */ = {isa = PBXBuildFile; fileRef = 83D3EDB31C4DC96400BFDA93 /* UIView+Extras.m */; };
		83D3EDBA1C4DC97400BFDA93 /* NSObject+Extras.h in Headers */ = {isa = PBXBuildFile; fileRef = 83D3EDB61C4DC97400BFDA93 /* NSObject+Extras.h */; settings = {ATTRIBUTES = (Public, ); }; };
		83D3EDBB1C4DC97400BFDA93 /* NSObject+Extras.m in Sources */ = {isa = PBXBuildFile; fileRef = 83D3EDB71C4DC97400BFDA93 /* NSObject+Extras.m */; };
		83D3EDBC1C4DC97400BFDA93 /* NSObject+TargetsAndSelectors.h in Headers */ = {isa = PBXBuildFile; fileRef = 83D3EDB81C4DC97400BFDA93 /* NSObject+TargetsAndSelectors.h */; settings = {ATTRIBUTES = (Public, ); }; };
		83D3EDBD1C4DC97400BFDA93 /* NSObject+TargetsAndSelectors.m in Sources */ = {isa = PBXBuildFile; fileRef = 83D3EDB91C4DC97400BFDA93 /* NSObject+TargetsAndSelectors.m */; };
		83D3EDBF1C4DCC5C00BFDA93 /* SMDefs.swift in Sources */ = {isa = PBXBuildFile; fileRef = 83D3EDBE1C4DCC5C00BFDA93 /* SMDefs.swift */; };
/* End PBXBuildFile section */

/* Begin PBXContainerItemProxy section */
		83D3ECF11C4DBFD000BFDA93 /* PBXContainerItemProxy */ = {
			isa = PBXContainerItemProxy;
			containerPortal = 83D3ECDC1C4DBFCF00BFDA93 /* Project object */;
			proxyType = 1;
			remoteGlobalIDString = 83D3ECE41C4DBFCF00BFDA93;
			remoteInfo = SMCoreLib;
		};
/* End PBXContainerItemProxy section */

/* Begin PBXFileReference section */
		55AAC6EF1C5D4672003E47CE /* UIDevice+Extras.h */ = {isa = PBXFileReference; fileEncoding = 4; lastKnownFileType = sourcecode.c.h; name = "UIDevice+Extras.h"; path = "Code/Categories/v1/UIDevice+Extras.h"; sourceTree = "<group>"; };
		55AAC6F01C5D4672003E47CE /* UIDevice+Extras.m */ = {isa = PBXFileReference; fileEncoding = 4; lastKnownFileType = sourcecode.c.objc; name = "UIDevice+Extras.m"; path = "Code/Categories/v1/UIDevice+Extras.m"; sourceTree = "<group>"; };
		835D800C1C6422F9004DBF79 /* SMModal.h */ = {isa = PBXFileReference; fileEncoding = 4; lastKnownFileType = sourcecode.c.h; path = SMModal.h; sourceTree = "<group>"; };
		835D800D1C6422F9004DBF79 /* SMModal.m */ = {isa = PBXFileReference; fileEncoding = 4; lastKnownFileType = sourcecode.c.objc; path = SMModal.m; sourceTree = "<group>"; };
		835D80161C6423BF004DBF79 /* SMAppearance.h */ = {isa = PBXFileReference; fileEncoding = 4; lastKnownFileType = sourcecode.c.h; path = SMAppearance.h; sourceTree = "<group>"; };
		835D80171C6423BF004DBF79 /* SMAppearance.m */ = {isa = PBXFileReference; fileEncoding = 4; lastKnownFileType = sourcecode.c.objc; path = SMAppearance.m; sourceTree = "<group>"; };
		835D801B1C6423FA004DBF79 /* SMRotation.h */ = {isa = PBXFileReference; fileEncoding = 4; lastKnownFileType = sourcecode.c.h; path = SMRotation.h; sourceTree = "<group>"; };
		835D801C1C6423FA004DBF79 /* SMRotation.m */ = {isa = PBXFileReference; fileEncoding = 4; lastKnownFileType = sourcecode.c.objc; path = SMRotation.m; sourceTree = "<group>"; };
		835D801F1C64242E004DBF79 /* UIViewController+Extras.h */ = {isa = PBXFileReference; fileEncoding = 4; lastKnownFileType = sourcecode.c.h; name = "UIViewController+Extras.h"; path = "Code/Categories/v1/UIViewController+Extras.h"; sourceTree = "<group>"; };
		835D80201C64242E004DBF79 /* UIViewController+Extras.m */ = {isa = PBXFileReference; fileEncoding = 4; lastKnownFileType = sourcecode.c.objc; name = "UIViewController+Extras.m"; path = "Code/Categories/v1/UIViewController+Extras.m"; sourceTree = "<group>"; };
		835D80231C64243E004DBF79 /* UINavigationController+Extras.h */ = {isa = PBXFileReference; fileEncoding = 4; lastKnownFileType = sourcecode.c.h; name = "UINavigationController+Extras.h"; path = "Code/Categories/v1/UINavigationController+Extras.h"; sourceTree = "<group>"; };
		835D80241C64243E004DBF79 /* UINavigationController+Extras.m */ = {isa = PBXFileReference; fileEncoding = 4; lastKnownFileType = sourcecode.c.objc; name = "UINavigationController+Extras.m"; path = "Code/Categories/v1/UINavigationController+Extras.m"; sourceTree = "<group>"; };
		835D802C1C648F5B004DBF79 /* ChangeFrameTransitioningDelegate.h */ = {isa = PBXFileReference; fileEncoding = 4; lastKnownFileType = sourcecode.c.h; name = ChangeFrameTransitioningDelegate.h; path = Code/ViewControllers/v1/ChangeFrameTransitioningDelegate/ChangeFrameTransitioningDelegate.h; sourceTree = SOURCE_ROOT; };
		835D802D1C648F5B004DBF79 /* ChangeFrameTransitioningDelegate.m */ = {isa = PBXFileReference; fileEncoding = 4; lastKnownFileType = sourcecode.c.objc; name = ChangeFrameTransitioningDelegate.m; path = Code/ViewControllers/v1/ChangeFrameTransitioningDelegate/ChangeFrameTransitioningDelegate.m; sourceTree = SOURCE_ROOT; };
		83D3ECE51C4DBFCF00BFDA93 /* SMCoreLib.framework */ = {isa = PBXFileReference; explicitFileType = wrapper.framework; includeInIndex = 0; path = SMCoreLib.framework; sourceTree = BUILT_PRODUCTS_DIR; };
		83D3ECEF1C4DBFD000BFDA93 /* SMCoreLibTests.xctest */ = {isa = PBXFileReference; explicitFileType = wrapper.cfbundle; includeInIndex = 0; path = SMCoreLibTests.xctest; sourceTree = BUILT_PRODUCTS_DIR; };
		83D3ECF41C4DBFD000BFDA93 /* SMCoreLibTests.swift */ = {isa = PBXFileReference; lastKnownFileType = sourcecode.swift; path = SMCoreLibTests.swift; sourceTree = "<group>"; };
		83D3ECF61C4DBFD000BFDA93 /* Info.plist */ = {isa = PBXFileReference; lastKnownFileType = text.plist.xml; path = Info.plist; sourceTree = "<group>"; };
		83D3ED031C4DC0C300BFDA93 /* Info.plist */ = {isa = PBXFileReference; lastKnownFileType = text.plist.xml; name = Info.plist; path = "Supporting Files/Info.plist"; sourceTree = "<group>"; };
		83D3ED041C4DC2AC00BFDA93 /* SMCoreLib.h */ = {isa = PBXFileReference; fileEncoding = 4; lastKnownFileType = sourcecode.c.h; path = SMCoreLib.h; sourceTree = "<group>"; };
		83D3ED101C4DC81000BFDA93 /* UserMessage.h */ = {isa = PBXFileReference; fileEncoding = 4; lastKnownFileType = sourcecode.c.h; name = UserMessage.h; path = Code/Views/v1/UserMessage.h; sourceTree = "<group>"; };
		83D3ED111C4DC81000BFDA93 /* UserMessage.m */ = {isa = PBXFileReference; fileEncoding = 4; lastKnownFileType = sourcecode.c.objc; name = UserMessage.m; path = Code/Views/v1/UserMessage.m; sourceTree = "<group>"; };
		83D3ED181C4DC84500BFDA93 /* AFHTTPSessionManager.h */ = {isa = PBXFileReference; fileEncoding = 4; lastKnownFileType = sourcecode.c.h; name = AFHTTPSessionManager.h; path = Code/SDKs/AFNetworking/v3.0.4/AFNetworking/AFHTTPSessionManager.h; sourceTree = "<group>"; };
		83D3ED191C4DC84500BFDA93 /* AFHTTPSessionManager.m */ = {isa = PBXFileReference; fileEncoding = 4; lastKnownFileType = sourcecode.c.objc; name = AFHTTPSessionManager.m; path = Code/SDKs/AFNetworking/v3.0.4/AFNetworking/AFHTTPSessionManager.m; sourceTree = "<group>"; };
		83D3ED1A1C4DC84500BFDA93 /* AFNetworking.h */ = {isa = PBXFileReference; fileEncoding = 4; lastKnownFileType = sourcecode.c.h; name = AFNetworking.h; path = Code/SDKs/AFNetworking/v3.0.4/AFNetworking/AFNetworking.h; sourceTree = "<group>"; };
		83D3ED1B1C4DC84500BFDA93 /* AFNetworkReachabilityManager.h */ = {isa = PBXFileReference; fileEncoding = 4; lastKnownFileType = sourcecode.c.h; name = AFNetworkReachabilityManager.h; path = Code/SDKs/AFNetworking/v3.0.4/AFNetworking/AFNetworkReachabilityManager.h; sourceTree = "<group>"; };
		83D3ED1C1C4DC84500BFDA93 /* AFNetworkReachabilityManager.m */ = {isa = PBXFileReference; fileEncoding = 4; lastKnownFileType = sourcecode.c.objc; name = AFNetworkReachabilityManager.m; path = Code/SDKs/AFNetworking/v3.0.4/AFNetworking/AFNetworkReachabilityManager.m; sourceTree = "<group>"; };
		83D3ED1D1C4DC84500BFDA93 /* AFSecurityPolicy.h */ = {isa = PBXFileReference; fileEncoding = 4; lastKnownFileType = sourcecode.c.h; name = AFSecurityPolicy.h; path = Code/SDKs/AFNetworking/v3.0.4/AFNetworking/AFSecurityPolicy.h; sourceTree = "<group>"; };
		83D3ED1E1C4DC84500BFDA93 /* AFSecurityPolicy.m */ = {isa = PBXFileReference; fileEncoding = 4; lastKnownFileType = sourcecode.c.objc; name = AFSecurityPolicy.m; path = Code/SDKs/AFNetworking/v3.0.4/AFNetworking/AFSecurityPolicy.m; sourceTree = "<group>"; };
		83D3ED1F1C4DC84500BFDA93 /* AFURLRequestSerialization.h */ = {isa = PBXFileReference; fileEncoding = 4; lastKnownFileType = sourcecode.c.h; name = AFURLRequestSerialization.h; path = Code/SDKs/AFNetworking/v3.0.4/AFNetworking/AFURLRequestSerialization.h; sourceTree = "<group>"; };
		83D3ED201C4DC84500BFDA93 /* AFURLRequestSerialization.m */ = {isa = PBXFileReference; fileEncoding = 4; lastKnownFileType = sourcecode.c.objc; name = AFURLRequestSerialization.m; path = Code/SDKs/AFNetworking/v3.0.4/AFNetworking/AFURLRequestSerialization.m; sourceTree = "<group>"; };
		83D3ED211C4DC84500BFDA93 /* AFURLResponseSerialization.h */ = {isa = PBXFileReference; fileEncoding = 4; lastKnownFileType = sourcecode.c.h; name = AFURLResponseSerialization.h; path = Code/SDKs/AFNetworking/v3.0.4/AFNetworking/AFURLResponseSerialization.h; sourceTree = "<group>"; };
		83D3ED221C4DC84500BFDA93 /* AFURLResponseSerialization.m */ = {isa = PBXFileReference; fileEncoding = 4; lastKnownFileType = sourcecode.c.objc; name = AFURLResponseSerialization.m; path = Code/SDKs/AFNetworking/v3.0.4/AFNetworking/AFURLResponseSerialization.m; sourceTree = "<group>"; };
		83D3ED231C4DC84500BFDA93 /* AFURLSessionManager.h */ = {isa = PBXFileReference; fileEncoding = 4; lastKnownFileType = sourcecode.c.h; name = AFURLSessionManager.h; path = Code/SDKs/AFNetworking/v3.0.4/AFNetworking/AFURLSessionManager.h; sourceTree = "<group>"; };
		83D3ED241C4DC84500BFDA93 /* AFURLSessionManager.m */ = {isa = PBXFileReference; fileEncoding = 4; lastKnownFileType = sourcecode.c.objc; name = AFURLSessionManager.m; path = Code/SDKs/AFNetworking/v3.0.4/AFNetworking/AFURLSessionManager.m; sourceTree = "<group>"; };
		83D3ED321C4DC85300BFDA93 /* AFAutoPurgingImageCache.h */ = {isa = PBXFileReference; fileEncoding = 4; lastKnownFileType = sourcecode.c.h; name = AFAutoPurgingImageCache.h; path = "Code/SDKs/AFNetworking/v3.0.4/UIKit+AFNetworking/AFAutoPurgingImageCache.h"; sourceTree = "<group>"; };
		83D3ED331C4DC85300BFDA93 /* AFAutoPurgingImageCache.m */ = {isa = PBXFileReference; fileEncoding = 4; lastKnownFileType = sourcecode.c.objc; name = AFAutoPurgingImageCache.m; path = "Code/SDKs/AFNetworking/v3.0.4/UIKit+AFNetworking/AFAutoPurgingImageCache.m"; sourceTree = "<group>"; };
		83D3ED341C4DC85300BFDA93 /* AFImageDownloader.h */ = {isa = PBXFileReference; fileEncoding = 4; lastKnownFileType = sourcecode.c.h; name = AFImageDownloader.h; path = "Code/SDKs/AFNetworking/v3.0.4/UIKit+AFNetworking/AFImageDownloader.h"; sourceTree = "<group>"; };
		83D3ED351C4DC85300BFDA93 /* AFImageDownloader.m */ = {isa = PBXFileReference; fileEncoding = 4; lastKnownFileType = sourcecode.c.objc; name = AFImageDownloader.m; path = "Code/SDKs/AFNetworking/v3.0.4/UIKit+AFNetworking/AFImageDownloader.m"; sourceTree = "<group>"; };
		83D3ED361C4DC85300BFDA93 /* AFNetworkActivityIndicatorManager.h */ = {isa = PBXFileReference; fileEncoding = 4; lastKnownFileType = sourcecode.c.h; name = AFNetworkActivityIndicatorManager.h; path = "Code/SDKs/AFNetworking/v3.0.4/UIKit+AFNetworking/AFNetworkActivityIndicatorManager.h"; sourceTree = "<group>"; };
		83D3ED371C4DC85300BFDA93 /* AFNetworkActivityIndicatorManager.m */ = {isa = PBXFileReference; fileEncoding = 4; lastKnownFileType = sourcecode.c.objc; name = AFNetworkActivityIndicatorManager.m; path = "Code/SDKs/AFNetworking/v3.0.4/UIKit+AFNetworking/AFNetworkActivityIndicatorManager.m"; sourceTree = "<group>"; };
		83D3ED381C4DC85300BFDA93 /* UIActivityIndicatorView+AFNetworking.h */ = {isa = PBXFileReference; fileEncoding = 4; lastKnownFileType = sourcecode.c.h; name = "UIActivityIndicatorView+AFNetworking.h"; path = "Code/SDKs/AFNetworking/v3.0.4/UIKit+AFNetworking/UIActivityIndicatorView+AFNetworking.h"; sourceTree = "<group>"; };
		83D3ED391C4DC85300BFDA93 /* UIActivityIndicatorView+AFNetworking.m */ = {isa = PBXFileReference; fileEncoding = 4; lastKnownFileType = sourcecode.c.objc; name = "UIActivityIndicatorView+AFNetworking.m"; path = "Code/SDKs/AFNetworking/v3.0.4/UIKit+AFNetworking/UIActivityIndicatorView+AFNetworking.m"; sourceTree = "<group>"; };
		83D3ED3A1C4DC85300BFDA93 /* UIButton+AFNetworking.h */ = {isa = PBXFileReference; fileEncoding = 4; lastKnownFileType = sourcecode.c.h; name = "UIButton+AFNetworking.h"; path = "Code/SDKs/AFNetworking/v3.0.4/UIKit+AFNetworking/UIButton+AFNetworking.h"; sourceTree = "<group>"; };
		83D3ED3B1C4DC85300BFDA93 /* UIButton+AFNetworking.m */ = {isa = PBXFileReference; fileEncoding = 4; lastKnownFileType = sourcecode.c.objc; name = "UIButton+AFNetworking.m"; path = "Code/SDKs/AFNetworking/v3.0.4/UIKit+AFNetworking/UIButton+AFNetworking.m"; sourceTree = "<group>"; };
		83D3ED3C1C4DC85300BFDA93 /* UIImage+AFNetworking.h */ = {isa = PBXFileReference; fileEncoding = 4; lastKnownFileType = sourcecode.c.h; name = "UIImage+AFNetworking.h"; path = "Code/SDKs/AFNetworking/v3.0.4/UIKit+AFNetworking/UIImage+AFNetworking.h"; sourceTree = "<group>"; };
		83D3ED3D1C4DC85300BFDA93 /* UIImageView+AFNetworking.h */ = {isa = PBXFileReference; fileEncoding = 4; lastKnownFileType = sourcecode.c.h; name = "UIImageView+AFNetworking.h"; path = "Code/SDKs/AFNetworking/v3.0.4/UIKit+AFNetworking/UIImageView+AFNetworking.h"; sourceTree = "<group>"; };
		83D3ED3E1C4DC85300BFDA93 /* UIImageView+AFNetworking.m */ = {isa = PBXFileReference; fileEncoding = 4; lastKnownFileType = sourcecode.c.objc; name = "UIImageView+AFNetworking.m"; path = "Code/SDKs/AFNetworking/v3.0.4/UIKit+AFNetworking/UIImageView+AFNetworking.m"; sourceTree = "<group>"; };
		83D3ED3F1C4DC85300BFDA93 /* UIKit+AFNetworking.h */ = {isa = PBXFileReference; fileEncoding = 4; lastKnownFileType = sourcecode.c.h; name = "UIKit+AFNetworking.h"; path = "Code/SDKs/AFNetworking/v3.0.4/UIKit+AFNetworking/UIKit+AFNetworking.h"; sourceTree = "<group>"; };
		83D3ED401C4DC85300BFDA93 /* UIProgressView+AFNetworking.h */ = {isa = PBXFileReference; fileEncoding = 4; lastKnownFileType = sourcecode.c.h; name = "UIProgressView+AFNetworking.h"; path = "Code/SDKs/AFNetworking/v3.0.4/UIKit+AFNetworking/UIProgressView+AFNetworking.h"; sourceTree = "<group>"; };
		83D3ED411C4DC85300BFDA93 /* UIProgressView+AFNetworking.m */ = {isa = PBXFileReference; fileEncoding = 4; lastKnownFileType = sourcecode.c.objc; name = "UIProgressView+AFNetworking.m"; path = "Code/SDKs/AFNetworking/v3.0.4/UIKit+AFNetworking/UIProgressView+AFNetworking.m"; sourceTree = "<group>"; };
		83D3ED421C4DC85300BFDA93 /* UIRefreshControl+AFNetworking.h */ = {isa = PBXFileReference; fileEncoding = 4; lastKnownFileType = sourcecode.c.h; name = "UIRefreshControl+AFNetworking.h"; path = "Code/SDKs/AFNetworking/v3.0.4/UIKit+AFNetworking/UIRefreshControl+AFNetworking.h"; sourceTree = "<group>"; };
		83D3ED431C4DC85300BFDA93 /* UIRefreshControl+AFNetworking.m */ = {isa = PBXFileReference; fileEncoding = 4; lastKnownFileType = sourcecode.c.objc; name = "UIRefreshControl+AFNetworking.m"; path = "Code/SDKs/AFNetworking/v3.0.4/UIKit+AFNetworking/UIRefreshControl+AFNetworking.m"; sourceTree = "<group>"; };
		83D3ED441C4DC85300BFDA93 /* UIWebView+AFNetworking.h */ = {isa = PBXFileReference; fileEncoding = 4; lastKnownFileType = sourcecode.c.h; name = "UIWebView+AFNetworking.h"; path = "Code/SDKs/AFNetworking/v3.0.4/UIKit+AFNetworking/UIWebView+AFNetworking.h"; sourceTree = "<group>"; };
		83D3ED451C4DC85300BFDA93 /* UIWebView+AFNetworking.m */ = {isa = PBXFileReference; fileEncoding = 4; lastKnownFileType = sourcecode.c.objc; name = "UIWebView+AFNetworking.m"; path = "Code/SDKs/AFNetworking/v3.0.4/UIKit+AFNetworking/UIWebView+AFNetworking.m"; sourceTree = "<group>"; };
		83D3ED5A1C4DC86600BFDA93 /* Reachability.h */ = {isa = PBXFileReference; fileEncoding = 4; lastKnownFileType = sourcecode.c.h; name = Reachability.h; path = "Code/SDKs/Reachability/9-9-14/Reachability/Reachability.h"; sourceTree = "<group>"; };
		83D3ED5B1C4DC86600BFDA93 /* Reachability.m */ = {isa = PBXFileReference; fileEncoding = 4; lastKnownFileType = sourcecode.c.objc; name = Reachability.m; path = "Code/SDKs/Reachability/9-9-14/Reachability/Reachability.m"; sourceTree = "<group>"; };
		83D3ED5E1C4DC87700BFDA93 /* NSArray+Globbing.h */ = {isa = PBXFileReference; fileEncoding = 4; lastKnownFileType = sourcecode.c.h; name = "NSArray+Globbing.h"; path = "Code/SDKs/Globbing/12-10-14/Globbing/NSArray+Globbing.h"; sourceTree = "<group>"; };
		83D3ED5F1C4DC87700BFDA93 /* NSArray+Globbing.m */ = {isa = PBXFileReference; fileEncoding = 4; lastKnownFileType = sourcecode.c.objc; name = "NSArray+Globbing.m"; path = "Code/SDKs/Globbing/12-10-14/Globbing/NSArray+Globbing.m"; sourceTree = "<group>"; };
		83D3ED621C4DC89200BFDA93 /* KeyChain.h */ = {isa = PBXFileReference; fileEncoding = 4; lastKnownFileType = sourcecode.c.h; name = KeyChain.h; path = Code/PersistentVars/v1/KeyChain.h; sourceTree = "<group>"; };
		83D3ED631C4DC89200BFDA93 /* KeyChain.m */ = {isa = PBXFileReference; fileEncoding = 4; lastKnownFileType = sourcecode.c.objc; name = KeyChain.m; path = Code/PersistentVars/v1/KeyChain.m; sourceTree = "<group>"; };
		83D3ED651C4DC89200BFDA93 /* SMPersistVars.swift */ = {isa = PBXFileReference; fileEncoding = 4; lastKnownFileType = sourcecode.swift; name = SMPersistVars.swift; path = Code/PersistentVars/v1/SMPersistVars.swift; sourceTree = "<group>"; };
		83D3ED6A1C4DC8CE00BFDA93 /* Network.h */ = {isa = PBXFileReference; fileEncoding = 4; lastKnownFileType = sourcecode.c.h; name = Network.h; path = Code/Network/v1/Network.h; sourceTree = "<group>"; };
		83D3ED6B1C4DC8CE00BFDA93 /* Network.m */ = {isa = PBXFileReference; fileEncoding = 4; lastKnownFileType = sourcecode.c.objc; name = Network.m; path = Code/Network/v1/Network.m; sourceTree = "<group>"; };
		83D3ED6E1C4DC8F300BFDA93 /* SMMutableDictionary.h */ = {isa = PBXFileReference; fileEncoding = 4; lastKnownFileType = sourcecode.c.h; name = SMMutableDictionary.h; path = Code/Mutables/v1/SMMutableDictionary.h; sourceTree = "<group>"; };
		83D3ED6F1C4DC8F300BFDA93 /* SMMutableDictionary.m */ = {isa = PBXFileReference; fileEncoding = 4; lastKnownFileType = sourcecode.c.objc; name = SMMutableDictionary.m; path = Code/Mutables/v1/SMMutableDictionary.m; sourceTree = "<group>"; };
		83D3ED721C4DC90400BFDA93 /* SMUIMessages.h */ = {isa = PBXFileReference; fileEncoding = 4; lastKnownFileType = sourcecode.c.h; name = SMUIMessages.h; path = Code/MiscUI/SMUIMessages/v1/SMUIMessages.h; sourceTree = "<group>"; };
		83D3ED731C4DC90400BFDA93 /* SMUIMessages.m */ = {isa = PBXFileReference; fileEncoding = 4; lastKnownFileType = sourcecode.c.objc; name = SMUIMessages.m; path = Code/MiscUI/SMUIMessages/v1/SMUIMessages.m; sourceTree = "<group>"; };
		83D3ED761C4DC92800BFDA93 /* BiRef.h */ = {isa = PBXFileReference; fileEncoding = 4; lastKnownFileType = sourcecode.c.h; name = BiRef.h; path = Code/General/v1/BiRef.h; sourceTree = "<group>"; };
		83D3ED771C4DC92800BFDA93 /* BiRef.m */ = {isa = PBXFileReference; fileEncoding = 4; lastKnownFileType = sourcecode.c.objc; name = BiRef.m; path = Code/General/v1/BiRef.m; sourceTree = "<group>"; };
		83D3ED781C4DC92800BFDA93 /* Debounce.h */ = {isa = PBXFileReference; fileEncoding = 4; lastKnownFileType = sourcecode.c.h; name = Debounce.h; path = Code/General/v1/Debounce.h; sourceTree = "<group>"; };
		83D3ED791C4DC92800BFDA93 /* Debounce.m */ = {isa = PBXFileReference; fileEncoding = 4; lastKnownFileType = sourcecode.c.objc; name = Debounce.m; path = Code/General/v1/Debounce.m; sourceTree = "<group>"; };
		83D3ED7A1C4DC92800BFDA93 /* FileStorage.h */ = {isa = PBXFileReference; fileEncoding = 4; lastKnownFileType = sourcecode.c.h; name = FileStorage.h; path = Code/General/v1/PersistentStorage/FileStorage.h; sourceTree = "<group>"; };
		83D3ED7B1C4DC92800BFDA93 /* FileStorage.m */ = {isa = PBXFileReference; fileEncoding = 4; lastKnownFileType = sourcecode.c.objc; name = FileStorage.m; path = Code/General/v1/PersistentStorage/FileStorage.m; sourceTree = "<group>"; };
		83D3ED7C1C4DC92800BFDA93 /* SMIdentifiers2.h */ = {isa = PBXFileReference; fileEncoding = 4; lastKnownFileType = sourcecode.c.h; name = SMIdentifiers2.h; path = Code/General/v1/SMIdentifiers2.h; sourceTree = "<group>"; };
		83D3ED7D1C4DC92800BFDA93 /* SMIdentifiers2.m */ = {isa = PBXFileReference; fileEncoding = 4; lastKnownFileType = sourcecode.c.objc; name = SMIdentifiers2.m; path = Code/General/v1/SMIdentifiers2.m; sourceTree = "<group>"; };
		83D3ED7E1C4DC92800BFDA93 /* Synchronized.swift */ = {isa = PBXFileReference; fileEncoding = 4; lastKnownFileType = sourcecode.swift; name = Synchronized.swift; path = Code/General/v1/Synchronized.swift; sourceTree = "<group>"; };
		83D3ED7F1C4DC92800BFDA93 /* RepeatingTimer.h */ = {isa = PBXFileReference; fileEncoding = 4; lastKnownFileType = sourcecode.c.h; name = RepeatingTimer.h; path = Code/General/v1/Timers/RepeatingTimer.h; sourceTree = "<group>"; };
		83D3ED801C4DC92800BFDA93 /* RepeatingTimer.m */ = {isa = PBXFileReference; fileEncoding = 4; lastKnownFileType = sourcecode.c.objc; name = RepeatingTimer.m; path = Code/General/v1/Timers/RepeatingTimer.m; sourceTree = "<group>"; };
		83D3ED811C4DC92800BFDA93 /* TimedCallback.h */ = {isa = PBXFileReference; fileEncoding = 4; lastKnownFileType = sourcecode.c.h; name = TimedCallback.h; path = Code/General/v1/Timers/TimedCallback.h; sourceTree = "<group>"; };
		83D3ED821C4DC92800BFDA93 /* TimedCallback.m */ = {isa = PBXFileReference; fileEncoding = 4; lastKnownFileType = sourcecode.c.objc; name = TimedCallback.m; path = Code/General/v1/Timers/TimedCallback.m; sourceTree = "<group>"; };
		83D3ED831C4DC92800BFDA93 /* UUID.h */ = {isa = PBXFileReference; fileEncoding = 4; lastKnownFileType = sourcecode.c.h; name = UUID.h; path = Code/General/v1/UUID.h; sourceTree = "<group>"; };
		83D3ED841C4DC92800BFDA93 /* UUID.m */ = {isa = PBXFileReference; fileEncoding = 4; lastKnownFileType = sourcecode.c.objc; name = UUID.m; path = Code/General/v1/UUID.m; sourceTree = "<group>"; };
		83D3ED851C4DC92800BFDA93 /* WeakRef.h */ = {isa = PBXFileReference; fileEncoding = 4; lastKnownFileType = sourcecode.c.h; name = WeakRef.h; path = Code/General/v1/WeakRef.h; sourceTree = "<group>"; };
		83D3ED861C4DC92800BFDA93 /* WeakRef.m */ = {isa = PBXFileReference; fileEncoding = 4; lastKnownFileType = sourcecode.c.objc; name = WeakRef.m; path = Code/General/v1/WeakRef.m; sourceTree = "<group>"; };
		83D3ED981C4DC93900BFDA93 /* Assert.swift */ = {isa = PBXFileReference; fileEncoding = 4; lastKnownFileType = sourcecode.swift; name = Assert.swift; path = Code/Debugging/v1/Assert.swift; sourceTree = "<group>"; };
		83D3ED991C4DC93900BFDA93 /* Error.swift */ = {isa = PBXFileReference; fileEncoding = 4; lastKnownFileType = sourcecode.swift; name = Error.swift; path = Code/Debugging/v1/Error.swift; sourceTree = "<group>"; };
		83D3ED9A1C4DC93900BFDA93 /* Log.swift */ = {isa = PBXFileReference; fileEncoding = 4; lastKnownFileType = sourcecode.swift; name = Log.swift; path = Code/Debugging/v1/Log.swift; sourceTree = "<group>"; };
		83D3ED9B1C4DC93900BFDA93 /* LogFile.h */ = {isa = PBXFileReference; fileEncoding = 4; lastKnownFileType = sourcecode.c.h; name = LogFile.h; path = Code/Debugging/v1/LogFile.h; sourceTree = "<group>"; };
		83D3ED9C1C4DC93900BFDA93 /* LogFile.m */ = {isa = PBXFileReference; fileEncoding = 4; lastKnownFileType = sourcecode.c.objc; name = LogFile.m; path = Code/Debugging/v1/LogFile.m; sourceTree = "<group>"; };
		83D3ED9D1C4DC93900BFDA93 /* SMAssert.h */ = {isa = PBXFileReference; fileEncoding = 4; lastKnownFileType = sourcecode.c.h; name = SMAssert.h; path = Code/Debugging/v1/SMAssert.h; sourceTree = "<group>"; };
		83D3ED9E1C4DC93900BFDA93 /* SMAssert.m */ = {isa = PBXFileReference; fileEncoding = 4; lastKnownFileType = sourcecode.c.objc; name = SMAssert.m; path = Code/Debugging/v1/SMAssert.m; sourceTree = "<group>"; };
		83D3ED9F1C4DC93900BFDA93 /* SMDebug.swift */ = {isa = PBXFileReference; fileEncoding = 4; lastKnownFileType = sourcecode.swift; name = SMDebug.swift; path = Code/Debugging/v1/SMDebug.swift; sourceTree = "<group>"; };
		83D3EDA01C4DC93900BFDA93 /* SPASLog.h */ = {isa = PBXFileReference; fileEncoding = 4; lastKnownFileType = sourcecode.c.h; name = SPASLog.h; path = Code/Debugging/v1/SPASLog.h; sourceTree = "<group>"; };
		83D3EDAA1C4DC94800BFDA93 /* CoreDataSource.h */ = {isa = PBXFileReference; fileEncoding = 4; lastKnownFileType = sourcecode.c.h; name = CoreDataSource.h; path = Code/CoreData/v1/CoreDataSource.h; sourceTree = "<group>"; };
		83D3EDAB1C4DC94800BFDA93 /* CoreDataSource.m */ = {isa = PBXFileReference; fileEncoding = 4; lastKnownFileType = sourcecode.c.objc; name = CoreDataSource.m; path = Code/CoreData/v1/CoreDataSource.m; sourceTree = "<group>"; };
		83D3EDAC1C4DC94800BFDA93 /* CoreData.h */ = {isa = PBXFileReference; fileEncoding = 4; lastKnownFileType = sourcecode.c.h; name = CoreData.h; path = Code/CoreData/v2/CoreData.h; sourceTree = "<group>"; };
		83D3EDAD1C4DC94800BFDA93 /* CoreData.m */ = {isa = PBXFileReference; fileEncoding = 4; lastKnownFileType = sourcecode.c.objc; name = CoreData.m; path = Code/CoreData/v2/CoreData.m; sourceTree = "<group>"; };
		83D3EDB21C4DC96400BFDA93 /* UIView+Extras.h */ = {isa = PBXFileReference; fileEncoding = 4; lastKnownFileType = sourcecode.c.h; name = "UIView+Extras.h"; path = "Code/Categories/v3/UIView+Extras.h"; sourceTree = "<group>"; };
		83D3EDB31C4DC96400BFDA93 /* UIView+Extras.m */ = {isa = PBXFileReference; fileEncoding = 4; lastKnownFileType = sourcecode.c.objc; name = "UIView+Extras.m"; path = "Code/Categories/v3/UIView+Extras.m"; sourceTree = "<group>"; };
		83D3EDB61C4DC97400BFDA93 /* NSObject+Extras.h */ = {isa = PBXFileReference; fileEncoding = 4; lastKnownFileType = sourcecode.c.h; name = "NSObject+Extras.h"; path = "Code/Categories/v1/NSObject+Extras.h"; sourceTree = "<group>"; };
		83D3EDB71C4DC97400BFDA93 /* NSObject+Extras.m */ = {isa = PBXFileReference; fileEncoding = 4; lastKnownFileType = sourcecode.c.objc; name = "NSObject+Extras.m"; path = "Code/Categories/v1/NSObject+Extras.m"; sourceTree = "<group>"; };
		83D3EDB81C4DC97400BFDA93 /* NSObject+TargetsAndSelectors.h */ = {isa = PBXFileReference; fileEncoding = 4; lastKnownFileType = sourcecode.c.h; name = "NSObject+TargetsAndSelectors.h"; path = "Code/Categories/v1/NSObject+TargetsAndSelectors.h"; sourceTree = "<group>"; };
		83D3EDB91C4DC97400BFDA93 /* NSObject+TargetsAndSelectors.m */ = {isa = PBXFileReference; fileEncoding = 4; lastKnownFileType = sourcecode.c.objc; name = "NSObject+TargetsAndSelectors.m"; path = "Code/Categories/v1/NSObject+TargetsAndSelectors.m"; sourceTree = "<group>"; };
		83D3EDBE1C4DCC5C00BFDA93 /* SMDefs.swift */ = {isa = PBXFileReference; fileEncoding = 4; lastKnownFileType = sourcecode.swift; name = SMDefs.swift; path = Code/PersistentVars/v1/SMDefs.swift; sourceTree = "<group>"; };
/* End PBXFileReference section */

/* Begin PBXFrameworksBuildPhase section */
		83D3ECE11C4DBFCF00BFDA93 /* Frameworks */ = {
			isa = PBXFrameworksBuildPhase;
			buildActionMask = 2147483647;
			files = (
			);
			runOnlyForDeploymentPostprocessing = 0;
		};
		83D3ECEC1C4DBFD000BFDA93 /* Frameworks */ = {
			isa = PBXFrameworksBuildPhase;
			buildActionMask = 2147483647;
			files = (
				83D3ECF01C4DBFD000BFDA93 /* SMCoreLib.framework in Frameworks */,
			);
			runOnlyForDeploymentPostprocessing = 0;
		};
/* End PBXFrameworksBuildPhase section */

/* Begin PBXGroup section */
		835D800A1C6422CE004DBF79 /* ViewControllers */ = {
			isa = PBXGroup;
			children = (
				835D80101C64233B004DBF79 /* ChangeFrameTransitioningDelegate */,
				835D800B1C6422F9004DBF79 /* SMModal */,
				835D801A1C6423FA004DBF79 /* SMRotation */,
			);
			name = ViewControllers;
			sourceTree = "<group>";
		};
		835D800B1C6422F9004DBF79 /* SMModal */ = {
			isa = PBXGroup;
			children = (
				835D800C1C6422F9004DBF79 /* SMModal.h */,
				835D800D1C6422F9004DBF79 /* SMModal.m */,
			);
			name = SMModal;
			path = Code/ViewControllers/v1/SMModal;
			sourceTree = "<group>";
		};
		835D80101C64233B004DBF79 /* ChangeFrameTransitioningDelegate */ = {
			isa = PBXGroup;
			children = (
				835D802C1C648F5B004DBF79 /* ChangeFrameTransitioningDelegate.h */,
				835D802D1C648F5B004DBF79 /* ChangeFrameTransitioningDelegate.m */,
			);
			name = ChangeFrameTransitioningDelegate;
			path = "../../../Common/SMCoreLib Framework/Code/ViewControllers/v1/ChangeFrameTransitioningDelegate";
			sourceTree = "<group>";
		};
		835D80151C6423BF004DBF79 /* SMAppearance */ = {
			isa = PBXGroup;
			children = (
				835D80161C6423BF004DBF79 /* SMAppearance.h */,
				835D80171C6423BF004DBF79 /* SMAppearance.m */,
			);
			name = SMAppearance;
			path = Code/General/v1/SMAppearance;
			sourceTree = "<group>";
		};
		835D801A1C6423FA004DBF79 /* SMRotation */ = {
			isa = PBXGroup;
			children = (
				835D801B1C6423FA004DBF79 /* SMRotation.h */,
				835D801C1C6423FA004DBF79 /* SMRotation.m */,
			);
			name = SMRotation;
			path = Code/ViewControllers/v1/SMRotation;
			sourceTree = "<group>";
		};
		83D3ECDB1C4DBFCF00BFDA93 = {
			isa = PBXGroup;
			children = (
				83D3ED041C4DC2AC00BFDA93 /* SMCoreLib.h */,
				83D3ED001C4DC09800BFDA93 /* Code */,
				83D3ECFF1C4DC08100BFDA93 /* Supporting Files */,
				83D3ECF31C4DBFD000BFDA93 /* SMCoreLibTests */,
				83D3ECE61C4DBFCF00BFDA93 /* Products */,
			);
			sourceTree = "<group>";
		};
		83D3ECE61C4DBFCF00BFDA93 /* Products */ = {
			isa = PBXGroup;
			children = (
				83D3ECE51C4DBFCF00BFDA93 /* SMCoreLib.framework */,
				83D3ECEF1C4DBFD000BFDA93 /* SMCoreLibTests.xctest */,
			);
			name = Products;
			sourceTree = "<group>";
		};
		83D3ECF31C4DBFD000BFDA93 /* SMCoreLibTests */ = {
			isa = PBXGroup;
			children = (
				83D3ECF41C4DBFD000BFDA93 /* SMCoreLibTests.swift */,
				83D3ECF61C4DBFD000BFDA93 /* Info.plist */,
			);
			path = SMCoreLibTests;
			sourceTree = "<group>";
		};
		83D3ECFF1C4DC08100BFDA93 /* Supporting Files */ = {
			isa = PBXGroup;
			children = (
				83D3ED031C4DC0C300BFDA93 /* Info.plist */,
			);
			name = "Supporting Files";
			sourceTree = "<group>";
		};
		83D3ED001C4DC09800BFDA93 /* Code */ = {
			isa = PBXGroup;
			children = (
				83D3ED0F1C4DC80000BFDA93 /* Categories */,
				83D3ED0E1C4DC7FB00BFDA93 /* CoreData */,
				83D3ED0D1C4DC7F100BFDA93 /* Debugging */,
				83D3ED0C1C4DC7EC00BFDA93 /* General */,
				83D3ED0B1C4DC7E200BFDA93 /* MiscUI */,
				83D3ED0A1C4DC7D100BFDA93 /* Mutables */,
				83D3ED091C4DC7C100BFDA93 /* Network */,
				83D3ED081C4DC7B200BFDA93 /* PersistentVars */,
				83D3ED071C4DC7AD00BFDA93 /* SDKs */,
				83D3ED061C4DC7A300BFDA93 /* Views */,
				835D800A1C6422CE004DBF79 /* ViewControllers */,
			);
			name = Code;
			sourceTree = "<group>";
		};
		83D3ED061C4DC7A300BFDA93 /* Views */ = {
			isa = PBXGroup;
			children = (
				83D3ED101C4DC81000BFDA93 /* UserMessage.h */,
				83D3ED111C4DC81000BFDA93 /* UserMessage.m */,
			);
			name = Views;
			sourceTree = "<group>";
		};
		83D3ED071C4DC7AD00BFDA93 /* SDKs */ = {
			isa = PBXGroup;
			children = (
				83D3ED171C4DC83400BFDA93 /* Globbing */,
				83D3ED161C4DC82D00BFDA93 /* Reachability */,
				83D3ED151C4DC82400BFDA93 /* AFNetworking+UIKit */,
				83D3ED141C4DC81900BFDA93 /* AFNetworking */,
			);
			name = SDKs;
			sourceTree = "<group>";
		};
		83D3ED081C4DC7B200BFDA93 /* PersistentVars */ = {
			isa = PBXGroup;
			children = (
				83D3ED621C4DC89200BFDA93 /* KeyChain.h */,
				83D3ED631C4DC89200BFDA93 /* KeyChain.m */,
				83D3ED651C4DC89200BFDA93 /* SMPersistVars.swift */,
				83D3EDBE1C4DCC5C00BFDA93 /* SMDefs.swift */,
			);
			name = PersistentVars;
			sourceTree = "<group>";
		};
		83D3ED091C4DC7C100BFDA93 /* Network */ = {
			isa = PBXGroup;
			children = (
				83D3ED6A1C4DC8CE00BFDA93 /* Network.h */,
				83D3ED6B1C4DC8CE00BFDA93 /* Network.m */,
			);
			name = Network;
			sourceTree = "<group>";
		};
		83D3ED0A1C4DC7D100BFDA93 /* Mutables */ = {
			isa = PBXGroup;
			children = (
				83D3ED6E1C4DC8F300BFDA93 /* SMMutableDictionary.h */,
				83D3ED6F1C4DC8F300BFDA93 /* SMMutableDictionary.m */,
			);
			name = Mutables;
			sourceTree = "<group>";
		};
		83D3ED0B1C4DC7E200BFDA93 /* MiscUI */ = {
			isa = PBXGroup;
			children = (
				83D3ED721C4DC90400BFDA93 /* SMUIMessages.h */,
				83D3ED731C4DC90400BFDA93 /* SMUIMessages.m */,
			);
			name = MiscUI;
			sourceTree = "<group>";
		};
		83D3ED0C1C4DC7EC00BFDA93 /* General */ = {
			isa = PBXGroup;
			children = (
				83D3ED761C4DC92800BFDA93 /* BiRef.h */,
				83D3ED771C4DC92800BFDA93 /* BiRef.m */,
				83D3ED781C4DC92800BFDA93 /* Debounce.h */,
				83D3ED791C4DC92800BFDA93 /* Debounce.m */,
				83D3ED7A1C4DC92800BFDA93 /* FileStorage.h */,
				83D3ED7B1C4DC92800BFDA93 /* FileStorage.m */,
				83D3ED7C1C4DC92800BFDA93 /* SMIdentifiers2.h */,
				83D3ED7D1C4DC92800BFDA93 /* SMIdentifiers2.m */,
				83D3ED7E1C4DC92800BFDA93 /* Synchronized.swift */,
				83D3ED7F1C4DC92800BFDA93 /* RepeatingTimer.h */,
				83D3ED801C4DC92800BFDA93 /* RepeatingTimer.m */,
				835D80151C6423BF004DBF79 /* SMAppearance */,
				83D3ED811C4DC92800BFDA93 /* TimedCallback.h */,
				83D3ED821C4DC92800BFDA93 /* TimedCallback.m */,
				83D3ED831C4DC92800BFDA93 /* UUID.h */,
				83D3ED841C4DC92800BFDA93 /* UUID.m */,
				83D3ED851C4DC92800BFDA93 /* WeakRef.h */,
				83D3ED861C4DC92800BFDA93 /* WeakRef.m */,
			);
			name = General;
			sourceTree = "<group>";
		};
		83D3ED0D1C4DC7F100BFDA93 /* Debugging */ = {
			isa = PBXGroup;
			children = (
				83D3ED981C4DC93900BFDA93 /* Assert.swift */,
				83D3ED991C4DC93900BFDA93 /* Error.swift */,
				83D3ED9A1C4DC93900BFDA93 /* Log.swift */,
				83D3ED9B1C4DC93900BFDA93 /* LogFile.h */,
				83D3ED9C1C4DC93900BFDA93 /* LogFile.m */,
				83D3ED9D1C4DC93900BFDA93 /* SMAssert.h */,
				83D3ED9E1C4DC93900BFDA93 /* SMAssert.m */,
				83D3ED9F1C4DC93900BFDA93 /* SMDebug.swift */,
				83D3EDA01C4DC93900BFDA93 /* SPASLog.h */,
			);
			name = Debugging;
			sourceTree = "<group>";
		};
		83D3ED0E1C4DC7FB00BFDA93 /* CoreData */ = {
			isa = PBXGroup;
			children = (
				83D3EDAA1C4DC94800BFDA93 /* CoreDataSource.h */,
				83D3EDAB1C4DC94800BFDA93 /* CoreDataSource.m */,
				83D3EDAC1C4DC94800BFDA93 /* CoreData.h */,
				83D3EDAD1C4DC94800BFDA93 /* CoreData.m */,
			);
			name = CoreData;
			sourceTree = "<group>";
		};
		83D3ED0F1C4DC80000BFDA93 /* Categories */ = {
			isa = PBXGroup;
			children = (
				835D801F1C64242E004DBF79 /* UIViewController+Extras.h */,
				835D80201C64242E004DBF79 /* UIViewController+Extras.m */,
				83D3EDB61C4DC97400BFDA93 /* NSObject+Extras.h */,
				83D3EDB71C4DC97400BFDA93 /* NSObject+Extras.m */,
				83D3EDB81C4DC97400BFDA93 /* NSObject+TargetsAndSelectors.h */,
				83D3EDB91C4DC97400BFDA93 /* NSObject+TargetsAndSelectors.m */,
				83D3EDB21C4DC96400BFDA93 /* UIView+Extras.h */,
				83D3EDB31C4DC96400BFDA93 /* UIView+Extras.m */,
				55AAC6EF1C5D4672003E47CE /* UIDevice+Extras.h */,
				55AAC6F01C5D4672003E47CE /* UIDevice+Extras.m */,
				835D80231C64243E004DBF79 /* UINavigationController+Extras.h */,
				835D80241C64243E004DBF79 /* UINavigationController+Extras.m */,
			);
			name = Categories;
			sourceTree = "<group>";
		};
		83D3ED141C4DC81900BFDA93 /* AFNetworking */ = {
			isa = PBXGroup;
			children = (
				83D3ED181C4DC84500BFDA93 /* AFHTTPSessionManager.h */,
				83D3ED191C4DC84500BFDA93 /* AFHTTPSessionManager.m */,
				83D3ED1A1C4DC84500BFDA93 /* AFNetworking.h */,
				83D3ED1B1C4DC84500BFDA93 /* AFNetworkReachabilityManager.h */,
				83D3ED1C1C4DC84500BFDA93 /* AFNetworkReachabilityManager.m */,
				83D3ED1D1C4DC84500BFDA93 /* AFSecurityPolicy.h */,
				83D3ED1E1C4DC84500BFDA93 /* AFSecurityPolicy.m */,
				83D3ED1F1C4DC84500BFDA93 /* AFURLRequestSerialization.h */,
				83D3ED201C4DC84500BFDA93 /* AFURLRequestSerialization.m */,
				83D3ED211C4DC84500BFDA93 /* AFURLResponseSerialization.h */,
				83D3ED221C4DC84500BFDA93 /* AFURLResponseSerialization.m */,
				83D3ED231C4DC84500BFDA93 /* AFURLSessionManager.h */,
				83D3ED241C4DC84500BFDA93 /* AFURLSessionManager.m */,
			);
			name = AFNetworking;
			sourceTree = "<group>";
		};
		83D3ED151C4DC82400BFDA93 /* AFNetworking+UIKit */ = {
			isa = PBXGroup;
			children = (
				83D3ED321C4DC85300BFDA93 /* AFAutoPurgingImageCache.h */,
				83D3ED331C4DC85300BFDA93 /* AFAutoPurgingImageCache.m */,
				83D3ED341C4DC85300BFDA93 /* AFImageDownloader.h */,
				83D3ED351C4DC85300BFDA93 /* AFImageDownloader.m */,
				83D3ED361C4DC85300BFDA93 /* AFNetworkActivityIndicatorManager.h */,
				83D3ED371C4DC85300BFDA93 /* AFNetworkActivityIndicatorManager.m */,
				83D3ED381C4DC85300BFDA93 /* UIActivityIndicatorView+AFNetworking.h */,
				83D3ED391C4DC85300BFDA93 /* UIActivityIndicatorView+AFNetworking.m */,
				83D3ED3A1C4DC85300BFDA93 /* UIButton+AFNetworking.h */,
				83D3ED3B1C4DC85300BFDA93 /* UIButton+AFNetworking.m */,
				83D3ED3C1C4DC85300BFDA93 /* UIImage+AFNetworking.h */,
				83D3ED3D1C4DC85300BFDA93 /* UIImageView+AFNetworking.h */,
				83D3ED3E1C4DC85300BFDA93 /* UIImageView+AFNetworking.m */,
				83D3ED3F1C4DC85300BFDA93 /* UIKit+AFNetworking.h */,
				83D3ED401C4DC85300BFDA93 /* UIProgressView+AFNetworking.h */,
				83D3ED411C4DC85300BFDA93 /* UIProgressView+AFNetworking.m */,
				83D3ED421C4DC85300BFDA93 /* UIRefreshControl+AFNetworking.h */,
				83D3ED431C4DC85300BFDA93 /* UIRefreshControl+AFNetworking.m */,
				83D3ED441C4DC85300BFDA93 /* UIWebView+AFNetworking.h */,
				83D3ED451C4DC85300BFDA93 /* UIWebView+AFNetworking.m */,
			);
			name = "AFNetworking+UIKit";
			sourceTree = "<group>";
		};
		83D3ED161C4DC82D00BFDA93 /* Reachability */ = {
			isa = PBXGroup;
			children = (
				83D3ED5A1C4DC86600BFDA93 /* Reachability.h */,
				83D3ED5B1C4DC86600BFDA93 /* Reachability.m */,
			);
			name = Reachability;
			sourceTree = "<group>";
		};
		83D3ED171C4DC83400BFDA93 /* Globbing */ = {
			isa = PBXGroup;
			children = (
				83D3ED5E1C4DC87700BFDA93 /* NSArray+Globbing.h */,
				83D3ED5F1C4DC87700BFDA93 /* NSArray+Globbing.m */,
			);
			name = Globbing;
			sourceTree = "<group>";
		};
/* End PBXGroup section */

/* Begin PBXHeadersBuildPhase section */
		83D3ECE21C4DBFCF00BFDA93 /* Headers */ = {
			isa = PBXHeadersBuildPhase;
			buildActionMask = 2147483647;
			files = (
				83D3EDBC1C4DC97400BFDA93 /* NSObject+TargetsAndSelectors.h in Headers */,
				83D3ED531C4DC85300BFDA93 /* UIKit+AFNetworking.h in Headers */,
				83D3ED701C4DC8F300BFDA93 /* SMMutableDictionary.h in Headers */,
				83D3ED6C1C4DC8CE00BFDA93 /* Network.h in Headers */,
				83D3ED541C4DC85300BFDA93 /* UIProgressView+AFNetworking.h in Headers */,
				55AAC6F11C5D4672003E47CE /* UIDevice+Extras.h in Headers */,
				83D3EDA91C4DC93900BFDA93 /* SPASLog.h in Headers */,
				83D3ED8B1C4DC92800BFDA93 /* FileStorage.h in Headers */,
				83D3ED921C4DC92800BFDA93 /* TimedCallback.h in Headers */,
				83D3ED461C4DC85300BFDA93 /* AFAutoPurgingImageCache.h in Headers */,
				835D802E1C648F5B004DBF79 /* ChangeFrameTransitioningDelegate.h in Headers */,
				83D3ED301C4DC84500BFDA93 /* AFURLSessionManager.h in Headers */,
				83D3ED051C4DC2AC00BFDA93 /* SMCoreLib.h in Headers */,
				835D800E1C6422F9004DBF79 /* SMModal.h in Headers */,
				835D80211C64242E004DBF79 /* UIViewController+Extras.h in Headers */,
				83D3ED661C4DC89200BFDA93 /* KeyChain.h in Headers */,
				83D3ED741C4DC90400BFDA93 /* SMUIMessages.h in Headers */,
				83D3ED871C4DC92800BFDA93 /* BiRef.h in Headers */,
				83D3ED2E1C4DC84500BFDA93 /* AFURLResponseSerialization.h in Headers */,
				83D3EDAE1C4DC94800BFDA93 /* CoreDataSource.h in Headers */,
				83D3ED5C1C4DC86600BFDA93 /* Reachability.h in Headers */,
				83D3ED901C4DC92800BFDA93 /* RepeatingTimer.h in Headers */,
				83D3ED121C4DC81000BFDA93 /* UserMessage.h in Headers */,
				83D3ED581C4DC85300BFDA93 /* UIWebView+AFNetworking.h in Headers */,
				83D3ED4E1C4DC85300BFDA93 /* UIButton+AFNetworking.h in Headers */,
				835D80181C6423BF004DBF79 /* SMAppearance.h in Headers */,
				83D3EDA61C4DC93900BFDA93 /* SMAssert.h in Headers */,
				83D3ED8D1C4DC92800BFDA93 /* SMIdentifiers2.h in Headers */,
				83D3ED511C4DC85300BFDA93 /* UIImageView+AFNetworking.h in Headers */,
				83D3ED961C4DC92800BFDA93 /* WeakRef.h in Headers */,
				835D801D1C6423FA004DBF79 /* SMRotation.h in Headers */,
				83D3EDB41C4DC96400BFDA93 /* UIView+Extras.h in Headers */,
				83D3ED601C4DC87700BFDA93 /* NSArray+Globbing.h in Headers */,
				835D80251C64243E004DBF79 /* UINavigationController+Extras.h in Headers */,
				83D3EDB01C4DC94800BFDA93 /* CoreData.h in Headers */,
				83D3ED2C1C4DC84500BFDA93 /* AFURLRequestSerialization.h in Headers */,
				83D3ED941C4DC92800BFDA93 /* UUID.h in Headers */,
				83D3ED561C4DC85300BFDA93 /* UIRefreshControl+AFNetworking.h in Headers */,
				83D3ED281C4DC84500BFDA93 /* AFNetworkReachabilityManager.h in Headers */,
				83D3ED2A1C4DC84500BFDA93 /* AFSecurityPolicy.h in Headers */,
				83D3EDBA1C4DC97400BFDA93 /* NSObject+Extras.h in Headers */,
				83D3ED891C4DC92800BFDA93 /* Debounce.h in Headers */,
				83D3EDA41C4DC93900BFDA93 /* LogFile.h in Headers */,
				83D3ED501C4DC85300BFDA93 /* UIImage+AFNetworking.h in Headers */,
				83D3ED481C4DC85300BFDA93 /* AFImageDownloader.h in Headers */,
				83D3ED251C4DC84500BFDA93 /* AFHTTPSessionManager.h in Headers */,
				83D3ED271C4DC84500BFDA93 /* AFNetworking.h in Headers */,
				83D3ED4A1C4DC85300BFDA93 /* AFNetworkActivityIndicatorManager.h in Headers */,
				83D3ED4C1C4DC85300BFDA93 /* UIActivityIndicatorView+AFNetworking.h in Headers */,
			);
			runOnlyForDeploymentPostprocessing = 0;
		};
/* End PBXHeadersBuildPhase section */

/* Begin PBXNativeTarget section */
		83D3ECE41C4DBFCF00BFDA93 /* SMCoreLib */ = {
			isa = PBXNativeTarget;
			buildConfigurationList = 83D3ECF91C4DBFD000BFDA93 /* Build configuration list for PBXNativeTarget "SMCoreLib" */;
			buildPhases = (
				83D3ECE01C4DBFCF00BFDA93 /* Sources */,
				83D3ECE11C4DBFCF00BFDA93 /* Frameworks */,
				83D3ECE21C4DBFCF00BFDA93 /* Headers */,
				83D3ECE31C4DBFCF00BFDA93 /* Resources */,
			);
			buildRules = (
			);
			dependencies = (
			);
			name = SMCoreLib;
			productName = SMCoreLib;
			productReference = 83D3ECE51C4DBFCF00BFDA93 /* SMCoreLib.framework */;
			productType = "com.apple.product-type.framework";
		};
		83D3ECEE1C4DBFD000BFDA93 /* SMCoreLibTests */ = {
			isa = PBXNativeTarget;
			buildConfigurationList = 83D3ECFC1C4DBFD000BFDA93 /* Build configuration list for PBXNativeTarget "SMCoreLibTests" */;
			buildPhases = (
				83D3ECEB1C4DBFD000BFDA93 /* Sources */,
				83D3ECEC1C4DBFD000BFDA93 /* Frameworks */,
				83D3ECED1C4DBFD000BFDA93 /* Resources */,
			);
			buildRules = (
			);
			dependencies = (
				83D3ECF21C4DBFD000BFDA93 /* PBXTargetDependency */,
			);
			name = SMCoreLibTests;
			productName = SMCoreLibTests;
			productReference = 83D3ECEF1C4DBFD000BFDA93 /* SMCoreLibTests.xctest */;
			productType = "com.apple.product-type.bundle.unit-test";
		};
/* End PBXNativeTarget section */

/* Begin PBXProject section */
		83D3ECDC1C4DBFCF00BFDA93 /* Project object */ = {
			isa = PBXProject;
			attributes = {
				LastSwiftUpdateCheck = 0720;
				LastUpgradeCheck = 0720;
				ORGANIZATIONNAME = "Spastic Muffin, LLC";
				TargetAttributes = {
					83D3ECE41C4DBFCF00BFDA93 = {
						CreatedOnToolsVersion = 7.2;
					};
					83D3ECEE1C4DBFD000BFDA93 = {
						CreatedOnToolsVersion = 7.2;
					};
				};
			};
			buildConfigurationList = 83D3ECDF1C4DBFCF00BFDA93 /* Build configuration list for PBXProject "SMCoreLib" */;
			compatibilityVersion = "Xcode 3.2";
			developmentRegion = English;
			hasScannedForEncodings = 0;
			knownRegions = (
				en,
			);
			mainGroup = 83D3ECDB1C4DBFCF00BFDA93;
			productRefGroup = 83D3ECE61C4DBFCF00BFDA93 /* Products */;
			projectDirPath = "";
			projectRoot = "";
			targets = (
				83D3ECE41C4DBFCF00BFDA93 /* SMCoreLib */,
				83D3ECEE1C4DBFD000BFDA93 /* SMCoreLibTests */,
			);
		};
/* End PBXProject section */

/* Begin PBXResourcesBuildPhase section */
		83D3ECE31C4DBFCF00BFDA93 /* Resources */ = {
			isa = PBXResourcesBuildPhase;
			buildActionMask = 2147483647;
			files = (
			);
			runOnlyForDeploymentPostprocessing = 0;
		};
		83D3ECED1C4DBFD000BFDA93 /* Resources */ = {
			isa = PBXResourcesBuildPhase;
			buildActionMask = 2147483647;
			files = (
			);
			runOnlyForDeploymentPostprocessing = 0;
		};
/* End PBXResourcesBuildPhase section */

/* Begin PBXSourcesBuildPhase section */
		83D3ECE01C4DBFCF00BFDA93 /* Sources */ = {
			isa = PBXSourcesBuildPhase;
			buildActionMask = 2147483647;
			files = (
				83D3EDA71C4DC93900BFDA93 /* SMAssert.m in Sources */,
				83D3ED711C4DC8F300BFDA93 /* SMMutableDictionary.m in Sources */,
				83D3ED551C4DC85300BFDA93 /* UIProgressView+AFNetworking.m in Sources */,
				83D3EDA51C4DC93900BFDA93 /* LogFile.m in Sources */,
				83D3ED691C4DC89200BFDA93 /* SMPersistVars.swift in Sources */,
				83D3ED2B1C4DC84500BFDA93 /* AFSecurityPolicy.m in Sources */,
				83D3ED571C4DC85300BFDA93 /* UIRefreshControl+AFNetworking.m in Sources */,
				83D3ED521C4DC85300BFDA93 /* UIImageView+AFNetworking.m in Sources */,
				83D3EDB11C4DC94800BFDA93 /* CoreData.m in Sources */,
				835D80191C6423BF004DBF79 /* SMAppearance.m in Sources */,
				83D3EDBF1C4DCC5C00BFDA93 /* SMDefs.swift in Sources */,
				83D3ED671C4DC89200BFDA93 /* KeyChain.m in Sources */,
				83D3ED8A1C4DC92800BFDA93 /* Debounce.m in Sources */,
				83D3ED591C4DC85300BFDA93 /* UIWebView+AFNetworking.m in Sources */,
				55AAC6F21C5D4672003E47CE /* UIDevice+Extras.m in Sources */,
				83D3EDB51C4DC96400BFDA93 /* UIView+Extras.m in Sources */,
				835D800F1C6422F9004DBF79 /* SMModal.m in Sources */,
				83D3ED971C4DC92800BFDA93 /* WeakRef.m in Sources */,
				83D3ED131C4DC81000BFDA93 /* UserMessage.m in Sources */,
				83D3EDA81C4DC93900BFDA93 /* SMDebug.swift in Sources */,
				83D3EDA11C4DC93900BFDA93 /* Assert.swift in Sources */,
				83D3ED911C4DC92800BFDA93 /* RepeatingTimer.m in Sources */,
				83D3ED951C4DC92800BFDA93 /* UUID.m in Sources */,
				83D3EDAF1C4DC94800BFDA93 /* CoreDataSource.m in Sources */,
				83D3ED4F1C4DC85300BFDA93 /* UIButton+AFNetworking.m in Sources */,
				83D3ED491C4DC85300BFDA93 /* AFImageDownloader.m in Sources */,
				83D3ED4D1C4DC85300BFDA93 /* UIActivityIndicatorView+AFNetworking.m in Sources */,
				83D3ED2D1C4DC84500BFDA93 /* AFURLRequestSerialization.m in Sources */,
				83D3EDBB1C4DC97400BFDA93 /* NSObject+Extras.m in Sources */,
				83D3ED4B1C4DC85300BFDA93 /* AFNetworkActivityIndicatorManager.m in Sources */,
				835D80221C64242E004DBF79 /* UIViewController+Extras.m in Sources */,
				83D3ED311C4DC84500BFDA93 /* AFURLSessionManager.m in Sources */,
				83D3ED291C4DC84500BFDA93 /* AFNetworkReachabilityManager.m in Sources */,
				83D3ED2F1C4DC84500BFDA93 /* AFURLResponseSerialization.m in Sources */,
				83D3EDA31C4DC93900BFDA93 /* Log.swift in Sources */,
				83D3ED611C4DC87700BFDA93 /* NSArray+Globbing.m in Sources */,
				83D3ED881C4DC92800BFDA93 /* BiRef.m in Sources */,
				83D3ED751C4DC90400BFDA93 /* SMUIMessages.m in Sources */,
				83D3ED931C4DC92800BFDA93 /* TimedCallback.m in Sources */,
				83D3EDA21C4DC93900BFDA93 /* Error.swift in Sources */,
				835D802F1C648F5B004DBF79 /* ChangeFrameTransitioningDelegate.m in Sources */,
				83D3EDBD1C4DC97400BFDA93 /* NSObject+TargetsAndSelectors.m in Sources */,
				83D3ED8C1C4DC92800BFDA93 /* FileStorage.m in Sources */,
				835D80261C64243E004DBF79 /* UINavigationController+Extras.m in Sources */,
				835D801E1C6423FA004DBF79 /* SMRotation.m in Sources */,
				83D3ED261C4DC84500BFDA93 /* AFHTTPSessionManager.m in Sources */,
				83D3ED8E1C4DC92800BFDA93 /* SMIdentifiers2.m in Sources */,
				83D3ED471C4DC85300BFDA93 /* AFAutoPurgingImageCache.m in Sources */,
				83D3ED8F1C4DC92800BFDA93 /* Synchronized.swift in Sources */,
				83D3ED6D1C4DC8CE00BFDA93 /* Network.m in Sources */,
				83D3ED5D1C4DC86600BFDA93 /* Reachability.m in Sources */,
			);
			runOnlyForDeploymentPostprocessing = 0;
		};
		83D3ECEB1C4DBFD000BFDA93 /* Sources */ = {
			isa = PBXSourcesBuildPhase;
			buildActionMask = 2147483647;
			files = (
				83D3ECF51C4DBFD000BFDA93 /* SMCoreLibTests.swift in Sources */,
			);
			runOnlyForDeploymentPostprocessing = 0;
		};
/* End PBXSourcesBuildPhase section */

/* Begin PBXTargetDependency section */
		83D3ECF21C4DBFD000BFDA93 /* PBXTargetDependency */ = {
			isa = PBXTargetDependency;
			target = 83D3ECE41C4DBFCF00BFDA93 /* SMCoreLib */;
			targetProxy = 83D3ECF11C4DBFD000BFDA93 /* PBXContainerItemProxy */;
		};
/* End PBXTargetDependency section */

/* Begin XCBuildConfiguration section */
		83D3ECF71C4DBFD000BFDA93 /* Debug */ = {
			isa = XCBuildConfiguration;
			buildSettings = {
				ALWAYS_SEARCH_USER_PATHS = NO;
				CLANG_CXX_LANGUAGE_STANDARD = "gnu++0x";
				CLANG_CXX_LIBRARY = "libc++";
				CLANG_ENABLE_MODULES = YES;
				CLANG_ENABLE_OBJC_ARC = YES;
				CLANG_WARN_BOOL_CONVERSION = YES;
				CLANG_WARN_CONSTANT_CONVERSION = YES;
				CLANG_WARN_DIRECT_OBJC_ISA_USAGE = YES_ERROR;
				CLANG_WARN_EMPTY_BODY = YES;
				CLANG_WARN_ENUM_CONVERSION = YES;
				CLANG_WARN_INT_CONVERSION = YES;
				CLANG_WARN_OBJC_ROOT_CLASS = YES_ERROR;
				CLANG_WARN_UNREACHABLE_CODE = YES;
				CLANG_WARN__DUPLICATE_METHOD_MATCH = YES;
				"CODE_SIGN_IDENTITY[sdk=iphoneos*]" = "iPhone Developer";
				COPY_PHASE_STRIP = NO;
				CURRENT_PROJECT_VERSION = 1;
				DEBUG_INFORMATION_FORMAT = dwarf;
				ENABLE_STRICT_OBJC_MSGSEND = YES;
				ENABLE_TESTABILITY = YES;
				GCC_C_LANGUAGE_STANDARD = gnu99;
				GCC_DYNAMIC_NO_PIC = NO;
				GCC_NO_COMMON_BLOCKS = YES;
				GCC_OPTIMIZATION_LEVEL = 0;
				GCC_PREPROCESSOR_DEFINITIONS = (
					"DEBUG=1",
					"$(inherited)",
				);
				GCC_WARN_64_TO_32_BIT_CONVERSION = YES;
				GCC_WARN_ABOUT_RETURN_TYPE = YES_ERROR;
				GCC_WARN_UNDECLARED_SELECTOR = YES;
				GCC_WARN_UNINITIALIZED_AUTOS = YES_AGGRESSIVE;
				GCC_WARN_UNUSED_FUNCTION = YES;
				GCC_WARN_UNUSED_VARIABLE = YES;
				IPHONEOS_DEPLOYMENT_TARGET = 9.2;
				MTL_ENABLE_DEBUG_INFO = YES;
				ONLY_ACTIVE_ARCH = YES;
				SDKROOT = iphoneos;
				SWIFT_OPTIMIZATION_LEVEL = "-Onone";
				TARGETED_DEVICE_FAMILY = "1,2";
				VERSIONING_SYSTEM = "apple-generic";
				VERSION_INFO_PREFIX = "";
			};
			name = Debug;
		};
		83D3ECF81C4DBFD000BFDA93 /* Release */ = {
			isa = XCBuildConfiguration;
			buildSettings = {
				ALWAYS_SEARCH_USER_PATHS = NO;
				CLANG_CXX_LANGUAGE_STANDARD = "gnu++0x";
				CLANG_CXX_LIBRARY = "libc++";
				CLANG_ENABLE_MODULES = YES;
				CLANG_ENABLE_OBJC_ARC = YES;
				CLANG_WARN_BOOL_CONVERSION = YES;
				CLANG_WARN_CONSTANT_CONVERSION = YES;
				CLANG_WARN_DIRECT_OBJC_ISA_USAGE = YES_ERROR;
				CLANG_WARN_EMPTY_BODY = YES;
				CLANG_WARN_ENUM_CONVERSION = YES;
				CLANG_WARN_INT_CONVERSION = YES;
				CLANG_WARN_OBJC_ROOT_CLASS = YES_ERROR;
				CLANG_WARN_UNREACHABLE_CODE = YES;
				CLANG_WARN__DUPLICATE_METHOD_MATCH = YES;
				"CODE_SIGN_IDENTITY[sdk=iphoneos*]" = "iPhone Developer";
				COPY_PHASE_STRIP = NO;
				CURRENT_PROJECT_VERSION = 1;
				DEBUG_INFORMATION_FORMAT = "dwarf-with-dsym";
				ENABLE_NS_ASSERTIONS = NO;
				ENABLE_STRICT_OBJC_MSGSEND = YES;
				GCC_C_LANGUAGE_STANDARD = gnu99;
				GCC_NO_COMMON_BLOCKS = YES;
				GCC_WARN_64_TO_32_BIT_CONVERSION = YES;
				GCC_WARN_ABOUT_RETURN_TYPE = YES_ERROR;
				GCC_WARN_UNDECLARED_SELECTOR = YES;
				GCC_WARN_UNINITIALIZED_AUTOS = YES_AGGRESSIVE;
				GCC_WARN_UNUSED_FUNCTION = YES;
				GCC_WARN_UNUSED_VARIABLE = YES;
				IPHONEOS_DEPLOYMENT_TARGET = 9.2;
				MTL_ENABLE_DEBUG_INFO = NO;
				SDKROOT = iphoneos;
				TARGETED_DEVICE_FAMILY = "1,2";
				VALIDATE_PRODUCT = YES;
				VERSIONING_SYSTEM = "apple-generic";
				VERSION_INFO_PREFIX = "";
			};
			name = Release;
		};
		83D3ECFA1C4DBFD000BFDA93 /* Debug */ = {
			isa = XCBuildConfiguration;
			buildSettings = {
				CLANG_ENABLE_MODULES = YES;
				DEFINES_MODULE = YES;
				DYLIB_COMPATIBILITY_VERSION = 1;
				DYLIB_CURRENT_VERSION = 1;
				DYLIB_INSTALL_NAME_BASE = "@rpath";
				INFOPLIST_FILE = "Supporting Files/Info.plist";
				INSTALL_PATH = "$(LOCAL_LIBRARY_DIR)/Frameworks";
				IPHONEOS_DEPLOYMENT_TARGET = 7.0;
				LD_RUNPATH_SEARCH_PATHS = "$(inherited) @executable_path/Frameworks @loader_path/Frameworks";
				OTHER_CFLAGS = (
					"-D",
					SMCORELIB,
				);
				OTHER_SWIFT_FLAGS = "-D DEBUG";
				PRODUCT_BUNDLE_IDENTIFIER = biz.SpasticMuffin.SMCoreLib;
				PRODUCT_NAME = "$(TARGET_NAME)";
				SKIP_INSTALL = YES;
				SWIFT_OBJC_INTERFACE_HEADER_NAME = "App-Swift.h";
				SWIFT_OPTIMIZATION_LEVEL = "-Onone";
			};
			name = Debug;
		};
		83D3ECFB1C4DBFD000BFDA93 /* Release */ = {
			isa = XCBuildConfiguration;
			buildSettings = {
				CLANG_ENABLE_MODULES = YES;
				DEFINES_MODULE = YES;
				DYLIB_COMPATIBILITY_VERSION = 1;
				DYLIB_CURRENT_VERSION = 1;
				DYLIB_INSTALL_NAME_BASE = "@rpath";
				INFOPLIST_FILE = "Supporting Files/Info.plist";
				INSTALL_PATH = "$(LOCAL_LIBRARY_DIR)/Frameworks";
				IPHONEOS_DEPLOYMENT_TARGET = 7.0;
				LD_RUNPATH_SEARCH_PATHS = "$(inherited) @executable_path/Frameworks @loader_path/Frameworks";
				OTHER_CFLAGS = (
					"-D",
					SMCORELIB,
				);
				OTHER_SWIFT_FLAGS = "";
				PRODUCT_BUNDLE_IDENTIFIER = biz.SpasticMuffin.SMCoreLib;
				PRODUCT_NAME = "$(TARGET_NAME)";
				SKIP_INSTALL = YES;
				SWIFT_OBJC_INTERFACE_HEADER_NAME = "App-Swift.h";
			};
			name = Release;
		};
		83D3ECFD1C4DBFD000BFDA93 /* Debug */ = {
			isa = XCBuildConfiguration;
			buildSettings = {
				INFOPLIST_FILE = SMCoreLibTests/Info.plist;
				LD_RUNPATH_SEARCH_PATHS = "$(inherited) @executable_path/Frameworks @loader_path/Frameworks";
				PRODUCT_BUNDLE_IDENTIFIER = biz.SpasticMuffin.SMCoreLibTests;
				PRODUCT_NAME = "$(TARGET_NAME)";
			};
			name = Debug;
		};
		83D3ECFE1C4DBFD000BFDA93 /* Release */ = {
			isa = XCBuildConfiguration;
			buildSettings = {
				INFOPLIST_FILE = SMCoreLibTests/Info.plist;
				LD_RUNPATH_SEARCH_PATHS = "$(inherited) @executable_path/Frameworks @loader_path/Frameworks";
				PRODUCT_BUNDLE_IDENTIFIER = biz.SpasticMuffin.SMCoreLibTests;
				PRODUCT_NAME = "$(TARGET_NAME)";
			};
			name = Release;
		};
/* End XCBuildConfiguration section */

/* Begin XCConfigurationList section */
		83D3ECDF1C4DBFCF00BFDA93 /* Build configuration list for PBXProject "SMCoreLib" */ = {
			isa = XCConfigurationList;
			buildConfigurations = (
				83D3ECF71C4DBFD000BFDA93 /* Debug */,
				83D3ECF81C4DBFD000BFDA93 /* Release */,
			);
			defaultConfigurationIsVisible = 0;
			defaultConfigurationName = Release;
		};
		83D3ECF91C4DBFD000BFDA93 /* Build configuration list for PBXNativeTarget "SMCoreLib" */ = {
			isa = XCConfigurationList;
			buildConfigurations = (
				83D3ECFA1C4DBFD000BFDA93 /* Debug */,
				83D3ECFB1C4DBFD000BFDA93 /* Release */,
			);
			defaultConfigurationIsVisible = 0;
			defaultConfigurationName = Release;
		};
		83D3ECFC1C4DBFD000BFDA93 /* Build configuration list for PBXNativeTarget "SMCoreLibTests" */ = {
			isa = XCConfigurationList;
			buildConfigurations = (
				83D3ECFD1C4DBFD000BFDA93 /* Debug */,
				83D3ECFE1C4DBFD000BFDA93 /* Release */,
			);
			defaultConfigurationIsVisible = 0;
			defaultConfigurationName = Release;
		};
/* End XCConfigurationList section */
	};
	rootObject = 83D3ECDC1C4DBFCF00BFDA93 /* Project object */;
}
