// !$*UTF8*$!
{
	archiveVersion = 1;
	classes = {
	};
	objectVersion = 46;
	objects = {

/* Begin PBXBuildFile section */
		6FD0BE8A568536B303639F69 /* Pods_SharedNotes.framework in Frameworks */ = {isa = PBXBuildFile; fileRef = 4CEC5BF5FE4DFCB8EE7AEB1D /* Pods_SharedNotes.framework */; };
		832979621CE03FAC00508783 /* SharedNotesUITests.swift in Sources */ = {isa = PBXBuildFile; fileRef = 832979611CE03FAC00508783 /* SharedNotesUITests.swift */; };
		832A87A71D07C62400CED4BA /* LargeImageViewController.swift in Sources */ = {isa = PBXBuildFile; fileRef = 832A87A61D07C62400CED4BA /* LargeImageViewController.swift */; };
		834457891CDDB2C3000C3533 /* CALayer+MBAnimationPersistence.m in Sources */ = {isa = PBXBuildFile; fileRef = 834457881CDDB2C3000C3533 /* CALayer+MBAnimationPersistence.m */; };
		8344578D1CDDB2E2000C3533 /* ODRefreshControl.m in Sources */ = {isa = PBXBuildFile; fileRef = 8344578C1CDDB2E2000C3533 /* ODRefreshControl.m */; };
		8346E1FA1CFCB42D006C2637 /* Misc.swift in Sources */ = {isa = PBXBuildFile; fileRef = 8346E1F91CFCB42D006C2637 /* Misc.swift */; };
		8369D32C1CD1C79E006DA33C /* SharedNotesTests.swift in Sources */ = {isa = PBXBuildFile; fileRef = 8369D32B1CD1C79E006DA33C /* SharedNotesTests.swift */; };
		839739CD1CD96D7400FD8520 /* AppDelegate.swift in Sources */ = {isa = PBXBuildFile; fileRef = 839739CC1CD96D7400FD8520 /* AppDelegate.swift */; };
		839739CF1CD96D7D00FD8520 /* ViewController.swift in Sources */ = {isa = PBXBuildFile; fileRef = 839739CE1CD96D7D00FD8520 /* ViewController.swift */; };
		839739D21CD96DBA00FD8520 /* Assets.xcassets in Resources */ = {isa = PBXBuildFile; fileRef = 839739D11CD96DBA00FD8520 /* Assets.xcassets */; };
		839739DA1CD96E3F00FD8520 /* SharedNotes.xcdatamodel in Sources */ = {isa = PBXBuildFile; fileRef = 839739D91CD96E3F00FD8520 /* SharedNotes.xcdatamodel */; };
		839739DF1CD96E5500FD8520 /* LaunchScreen.storyboard in Resources */ = {isa = PBXBuildFile; fileRef = 839739DB1CD96E5500FD8520 /* LaunchScreen.storyboard */; };
		839739E01CD96E5500FD8520 /* Main.storyboard in Resources */ = {isa = PBXBuildFile; fileRef = 839739DD1CD96E5500FD8520 /* Main.storyboard */; };
		839739E21CD96F7800FD8520 /* SyncSpinner.swift in Sources */ = {isa = PBXBuildFile; fileRef = 839739E11CD96F7800FD8520 /* SyncSpinner.swift */; };
		83973A031CD986DA00FD8520 /* SMSyncServer.framework in Frameworks */ = {isa = PBXBuildFile; fileRef = 83973A021CD986BB00FD8520 /* SMSyncServer.framework */; };
		83973A041CD986DA00FD8520 /* SMSyncServer.framework in Embed Frameworks */ = {isa = PBXBuildFile; fileRef = 83973A021CD986BB00FD8520 /* SMSyncServer.framework */; settings = {ATTRIBUTES = (CodeSignOnCopy, RemoveHeadersOnCopy, ); }; };
		83973A091CD986E700FD8520 /* SMCoreLib.framework in Frameworks */ = {isa = PBXBuildFile; fileRef = 83973A081CD986E700FD8520 /* SMCoreLib.framework */; };
		83973A0A1CD986E700FD8520 /* SMCoreLib.framework in Embed Frameworks */ = {isa = PBXBuildFile; fileRef = 83973A081CD986E700FD8520 /* SMCoreLib.framework */; settings = {ATTRIBUTES = (CodeSignOnCopy, RemoveHeadersOnCopy, ); }; };
		83973A0C1CD9872E00FD8520 /* SMGoogleCredentials.swift in Sources */ = {isa = PBXBuildFile; fileRef = 83973A0B1CD9872E00FD8520 /* SMGoogleCredentials.swift */; };
		83973A131CD987F800FD8520 /* SMGoogleSignInController.swift in Sources */ = {isa = PBXBuildFile; fileRef = 83973A121CD987F800FD8520 /* SMGoogleSignInController.swift */; };
		83973A1C1CD98AEF00FD8520 /* SMSyncServer-client.plist in Resources */ = {isa = PBXBuildFile; fileRef = 83973A1B1CD98AEF00FD8520 /* SMSyncServer-client.plist */; };
		83973A1E1CD98C8000FD8520 /* GoogleService-Info.plist in Resources */ = {isa = PBXBuildFile; fileRef = 83973A1D1CD98C8000FD8520 /* GoogleService-Info.plist */; };
		83973A4F1CDADCBF00FD8520 /* EditNoteViewController.swift in Sources */ = {isa = PBXBuildFile; fileRef = 83973A4E1CDADCBF00FD8520 /* EditNoteViewController.swift */; };
		83973A511CDAE73800FD8520 /* NoteTableViewCell.swift in Sources */ = {isa = PBXBuildFile; fileRef = 83973A501CDAE73800FD8520 /* NoteTableViewCell.swift */; };
		83B854EE1CF263F900629C05 /* NoteImage+CoreDataProperties.swift in Sources */ = {isa = PBXBuildFile; fileRef = 83B854EC1CF263F900629C05 /* NoteImage+CoreDataProperties.swift */; };
		83B854EF1CF263F900629C05 /* NoteImage.swift in Sources */ = {isa = PBXBuildFile; fileRef = 83B854ED1CF263F900629C05 /* NoteImage.swift */; };
		83CF346E1CEF65FF00FEA292 /* DiffMatchPatch+Extras.swift in Sources */ = {isa = PBXBuildFile; fileRef = 83CF346D1CEF65FF00FEA292 /* DiffMatchPatch+Extras.swift */; };
		83E064361CE51C880088BE37 /* CoreDataExtras.swift in Sources */ = {isa = PBXBuildFile; fileRef = 83E064331CE51C880088BE37 /* CoreDataExtras.swift */; };
		83E064371CE51C880088BE37 /* Note.swift in Sources */ = {isa = PBXBuildFile; fileRef = 83E064341CE51C880088BE37 /* Note.swift */; };
		83E064381CE51C880088BE37 /* Note+CoreDataProperties.swift in Sources */ = {isa = PBXBuildFile; fileRef = 83E064351CE51C880088BE37 /* Note+CoreDataProperties.swift */; };
		83E064C91CE533FB0088BE37 /* DiffMatchPatchCFUtilities.c in Sources */ = {isa = PBXBuildFile; fileRef = 83E064C71CE533FB0088BE37 /* DiffMatchPatchCFUtilities.c */; };
		83E064D41CE534030088BE37 /* DiffMatchPatch.m in Sources */ = {isa = PBXBuildFile; fileRef = 83E064CB1CE534030088BE37 /* DiffMatchPatch.m */; };
		83E064D51CE534030088BE37 /* NSString+JavaSubstring.m in Sources */ = {isa = PBXBuildFile; fileRef = 83E064CD1CE534030088BE37 /* NSString+JavaSubstring.m */; };
		83E064D61CE534030088BE37 /* NSString+UnicharUtilities.m in Sources */ = {isa = PBXBuildFile; fileRef = 83E064CF1CE534030088BE37 /* NSString+UnicharUtilities.m */; };
		83E064D71CE534030088BE37 /* NSString+UriCompatibility.m in Sources */ = {isa = PBXBuildFile; fileRef = 83E064D11CE534030088BE37 /* NSString+UriCompatibility.m */; };
		83E064D81CE534030088BE37 /* NSMutableDictionary+DMPExtensions.m in Sources */ = {isa = PBXBuildFile; fileRef = 83E064D31CE534030088BE37 /* NSMutableDictionary+DMPExtensions.m */; };
		C8D3F07FB58C327C1E45AD4E /* Pods_SharedNotesTests.framework in Frameworks */ = {isa = PBXBuildFile; fileRef = A31E632C9B26EC53A1EAE581 /* Pods_SharedNotesTests.framework */; };
/* End PBXBuildFile section */

/* Begin PBXContainerItemProxy section */
		832979641CE03FAC00508783 /* PBXContainerItemProxy */ = {
			isa = PBXContainerItemProxy;
			containerPortal = 8369D3081CD1C791006DA33C /* Project object */;
			proxyType = 1;
			remoteGlobalIDString = 8369D30F1CD1C792006DA33C;
			remoteInfo = SharedNotes;
		};
		8369D3281CD1C79E006DA33C /* PBXContainerItemProxy */ = {
			isa = PBXContainerItemProxy;
			containerPortal = 8369D3081CD1C791006DA33C /* Project object */;
			proxyType = 1;
			remoteGlobalIDString = 8369D30F1CD1C792006DA33C;
			remoteInfo = SharedNotes;
		};
		83973A011CD986BB00FD8520 /* PBXContainerItemProxy */ = {
			isa = PBXContainerItemProxy;
			containerPortal = 839739FC1CD986BA00FD8520 /* SMSyncServer.xcodeproj */;
			proxyType = 2;
			remoteGlobalIDString = 83D3E9681C4C840C00BFDA93;
			remoteInfo = SMSyncServer;
		};
		83973A051CD986DA00FD8520 /* PBXContainerItemProxy */ = {
			isa = PBXContainerItemProxy;
			containerPortal = 839739FC1CD986BA00FD8520 /* SMSyncServer.xcodeproj */;
			proxyType = 1;
			remoteGlobalIDString = 83D3E9671C4C840C00BFDA93;
			remoteInfo = SMSyncServer;
		};
/* End PBXContainerItemProxy section */

/* Begin PBXCopyFilesBuildPhase section */
		83973A071CD986DA00FD8520 /* Embed Frameworks */ = {
			isa = PBXCopyFilesBuildPhase;
			buildActionMask = 2147483647;
			dstPath = "";
			dstSubfolderSpec = 10;
			files = (
				83973A041CD986DA00FD8520 /* SMSyncServer.framework in Embed Frameworks */,
				83973A0A1CD986E700FD8520 /* SMCoreLib.framework in Embed Frameworks */,
			);
			name = "Embed Frameworks";
			runOnlyForDeploymentPostprocessing = 0;
		};
/* End PBXCopyFilesBuildPhase section */

/* Begin PBXFileReference section */
		178227570E2FED98FBEF6ACB /* Pods-SharedNotes.release.xcconfig */ = {isa = PBXFileReference; includeInIndex = 1; lastKnownFileType = text.xcconfig; name = "Pods-SharedNotes.release.xcconfig"; path = "Pods/Target Support Files/Pods-SharedNotes/Pods-SharedNotes.release.xcconfig"; sourceTree = "<group>"; };
		2B7584F72A62F25A58394752 /* Pods-SharedNotes.debug.xcconfig */ = {isa = PBXFileReference; includeInIndex = 1; lastKnownFileType = text.xcconfig; name = "Pods-SharedNotes.debug.xcconfig"; path = "Pods/Target Support Files/Pods-SharedNotes/Pods-SharedNotes.debug.xcconfig"; sourceTree = "<group>"; };
		4CEC5BF5FE4DFCB8EE7AEB1D /* Pods_SharedNotes.framework */ = {isa = PBXFileReference; explicitFileType = wrapper.framework; includeInIndex = 0; path = Pods_SharedNotes.framework; sourceTree = BUILT_PRODUCTS_DIR; };
		550D6AA2AFFE88F55F028546 /* Pods-SharedNotesTests.debug.xcconfig */ = {isa = PBXFileReference; includeInIndex = 1; lastKnownFileType = text.xcconfig; name = "Pods-SharedNotesTests.debug.xcconfig"; path = "Pods/Target Support Files/Pods-SharedNotesTests/Pods-SharedNotesTests.debug.xcconfig"; sourceTree = "<group>"; };
		8329795F1CE03FAB00508783 /* SharedNotesUITests.xctest */ = {isa = PBXFileReference; explicitFileType = wrapper.cfbundle; includeInIndex = 0; path = SharedNotesUITests.xctest; sourceTree = BUILT_PRODUCTS_DIR; };
		832979611CE03FAC00508783 /* SharedNotesUITests.swift */ = {isa = PBXFileReference; lastKnownFileType = sourcecode.swift; path = SharedNotesUITests.swift; sourceTree = "<group>"; };
		832979631CE03FAC00508783 /* Info.plist */ = {isa = PBXFileReference; lastKnownFileType = text.plist.xml; path = Info.plist; sourceTree = "<group>"; };
		832A87A61D07C62400CED4BA /* LargeImageViewController.swift */ = {isa = PBXFileReference; fileEncoding = 4; lastKnownFileType = sourcecode.swift; path = LargeImageViewController.swift; sourceTree = "<group>"; };
		834457871CDDB2C3000C3533 /* CALayer+MBAnimationPersistence.h */ = {isa = PBXFileReference; fileEncoding = 4; lastKnownFileType = sourcecode.c.h; name = "CALayer+MBAnimationPersistence.h"; path = "SDKs/CALayer+MBAnimationPersistence/CALayer+MBAnimationPersistence.h"; sourceTree = SOURCE_ROOT; };
		834457881CDDB2C3000C3533 /* CALayer+MBAnimationPersistence.m */ = {isa = PBXFileReference; fileEncoding = 4; lastKnownFileType = sourcecode.c.objc; name = "CALayer+MBAnimationPersistence.m"; path = "SDKs/CALayer+MBAnimationPersistence/CALayer+MBAnimationPersistence.m"; sourceTree = SOURCE_ROOT; };
		8344578B1CDDB2E2000C3533 /* ODRefreshControl.h */ = {isa = PBXFileReference; fileEncoding = 4; lastKnownFileType = sourcecode.c.h; name = ODRefreshControl.h; path = SDKs/ODRefreshControl/ODRefreshControl/ODRefreshControl.h; sourceTree = "<group>"; };
		8344578C1CDDB2E2000C3533 /* ODRefreshControl.m */ = {isa = PBXFileReference; fileEncoding = 4; lastKnownFileType = sourcecode.c.objc; name = ODRefreshControl.m; path = SDKs/ODRefreshControl/ODRefreshControl/ODRefreshControl.m; sourceTree = "<group>"; };
		8346E1F91CFCB42D006C2637 /* Misc.swift */ = {isa = PBXFileReference; fileEncoding = 4; lastKnownFileType = sourcecode.swift; path = Misc.swift; sourceTree = "<group>"; };
		8369D3101CD1C792006DA33C /* SharedNotes.app */ = {isa = PBXFileReference; explicitFileType = wrapper.application; includeInIndex = 0; path = SharedNotes.app; sourceTree = BUILT_PRODUCTS_DIR; };
		8369D3271CD1C79E006DA33C /* SharedNotesTests.xctest */ = {isa = PBXFileReference; explicitFileType = wrapper.cfbundle; includeInIndex = 0; path = SharedNotesTests.xctest; sourceTree = BUILT_PRODUCTS_DIR; };
		8369D32B1CD1C79E006DA33C /* SharedNotesTests.swift */ = {isa = PBXFileReference; lastKnownFileType = sourcecode.swift; path = SharedNotesTests.swift; sourceTree = "<group>"; };
		8369D32D1CD1C79E006DA33C /* Info.plist */ = {isa = PBXFileReference; lastKnownFileType = text.plist.xml; path = Info.plist; sourceTree = "<group>"; };
		839739CC1CD96D7400FD8520 /* AppDelegate.swift */ = {isa = PBXFileReference; fileEncoding = 4; lastKnownFileType = sourcecode.swift; name = AppDelegate.swift; path = Code/AppDelegate.swift; sourceTree = SOURCE_ROOT; };
		839739CE1CD96D7D00FD8520 /* ViewController.swift */ = {isa = PBXFileReference; fileEncoding = 4; lastKnownFileType = sourcecode.swift; name = ViewController.swift; path = Code/ViewController.swift; sourceTree = SOURCE_ROOT; };
		839739D11CD96DBA00FD8520 /* Assets.xcassets */ = {isa = PBXFileReference; lastKnownFileType = folder.assetcatalog; name = Assets.xcassets; path = Resources/Assets.xcassets; sourceTree = SOURCE_ROOT; };
		839739D41CD96DD800FD8520 /* Info.plist */ = {isa = PBXFileReference; fileEncoding = 4; lastKnownFileType = text.plist.xml; name = Info.plist; path = "Supporting Files/Info.plist"; sourceTree = "<group>"; };
		839739D91CD96E3F00FD8520 /* SharedNotes.xcdatamodel */ = {isa = PBXFileReference; lastKnownFileType = wrapper.xcdatamodel; name = SharedNotes.xcdatamodel; path = Resources/SharedNotes.xcdatamodel; sourceTree = SOURCE_ROOT; };
		839739DC1CD96E5500FD8520 /* Base */ = {isa = PBXFileReference; lastKnownFileType = file.storyboard; name = Base; path = Resources/Base.lproj/LaunchScreen.storyboard; sourceTree = SOURCE_ROOT; };
		839739DE1CD96E5500FD8520 /* Base */ = {isa = PBXFileReference; lastKnownFileType = file.storyboard; name = Base; path = Resources/Base.lproj/Main.storyboard; sourceTree = SOURCE_ROOT; };
		839739E11CD96F7800FD8520 /* SyncSpinner.swift */ = {isa = PBXFileReference; fileEncoding = 4; lastKnownFileType = sourcecode.swift; path = SyncSpinner.swift; sourceTree = "<group>"; };
		839739FC1CD986BA00FD8520 /* SMSyncServer.xcodeproj */ = {isa = PBXFileReference; lastKnownFileType = "wrapper.pb-project"; name = SMSyncServer.xcodeproj; path = ../iOSFramework/SMSyncServer.xcodeproj; sourceTree = "<group>"; };
		83973A081CD986E700FD8520 /* SMCoreLib.framework */ = {isa = PBXFileReference; explicitFileType = wrapper.framework; name = SMCoreLib.framework; path = "/Users/chris/Library/Developer/Xcode/DerivedData/SharedNotes-dgnkvvryssyctxckftrromurqysv/Build/Products/Debug-iphoneos/SMCoreLib.framework"; sourceTree = "<absolute>"; };
		83973A0B1CD9872E00FD8520 /* SMGoogleCredentials.swift */ = {isa = PBXFileReference; fileEncoding = 4; lastKnownFileType = sourcecode.swift; name = SMGoogleCredentials.swift; path = ../../iOSFramework/Code/SignIn/SMGoogleCredentials.swift; sourceTree = "<group>"; };
		83973A121CD987F800FD8520 /* SMGoogleSignInController.swift */ = {isa = PBXFileReference; fileEncoding = 4; lastKnownFileType = sourcecode.swift; path = SMGoogleSignInController.swift; sourceTree = "<group>"; };
		83973A1B1CD98AEF00FD8520 /* SMSyncServer-client.plist */ = {isa = PBXFileReference; fileEncoding = 4; lastKnownFileType = text.plist.xml; name = "SMSyncServer-client.plist"; path = "Resources/SMSyncServer-client.plist"; sourceTree = "<group>"; };
		83973A1D1CD98C8000FD8520 /* GoogleService-Info.plist */ = {isa = PBXFileReference; fileEncoding = 4; lastKnownFileType = text.plist.xml; name = "GoogleService-Info.plist"; path = "Resources/GoogleService-Info.plist"; sourceTree = "<group>"; };
		83973A2D1CD99C9900FD8520 /* SharedNotes-Bridging-Header.h */ = {isa = PBXFileReference; lastKnownFileType = sourcecode.c.h; path = "SharedNotes-Bridging-Header.h"; sourceTree = "<group>"; };
		83973A4E1CDADCBF00FD8520 /* EditNoteViewController.swift */ = {isa = PBXFileReference; fileEncoding = 4; lastKnownFileType = sourcecode.swift; path = EditNoteViewController.swift; sourceTree = "<group>"; };
		83973A501CDAE73800FD8520 /* NoteTableViewCell.swift */ = {isa = PBXFileReference; fileEncoding = 4; lastKnownFileType = sourcecode.swift; path = NoteTableViewCell.swift; sourceTree = "<group>"; };
		83B854EC1CF263F900629C05 /* NoteImage+CoreDataProperties.swift */ = {isa = PBXFileReference; fileEncoding = 4; lastKnownFileType = sourcecode.swift; name = "NoteImage+CoreDataProperties.swift"; path = "CoreData/NoteImage+CoreDataProperties.swift"; sourceTree = "<group>"; };
		83B854ED1CF263F900629C05 /* NoteImage.swift */ = {isa = PBXFileReference; fileEncoding = 4; lastKnownFileType = sourcecode.swift; name = NoteImage.swift; path = CoreData/NoteImage.swift; sourceTree = "<group>"; };
		83CF346D1CEF65FF00FEA292 /* DiffMatchPatch+Extras.swift */ = {isa = PBXFileReference; fileEncoding = 4; lastKnownFileType = sourcecode.swift; path = "DiffMatchPatch+Extras.swift"; sourceTree = "<group>"; };
		83E064331CE51C880088BE37 /* CoreDataExtras.swift */ = {isa = PBXFileReference; fileEncoding = 4; lastKnownFileType = sourcecode.swift; name = CoreDataExtras.swift; path = CoreData/CoreDataExtras.swift; sourceTree = "<group>"; };
		83E064341CE51C880088BE37 /* Note.swift */ = {isa = PBXFileReference; fileEncoding = 4; lastKnownFileType = sourcecode.swift; name = Note.swift; path = CoreData/Note.swift; sourceTree = "<group>"; };
		83E064351CE51C880088BE37 /* Note+CoreDataProperties.swift */ = {isa = PBXFileReference; fileEncoding = 4; lastKnownFileType = sourcecode.swift; name = "Note+CoreDataProperties.swift"; path = "CoreData/Note+CoreDataProperties.swift"; sourceTree = "<group>"; };
		83E064C41CE533FB0088BE37 /* DiffMatchPatch_Prefix.pch */ = {isa = PBXFileReference; fileEncoding = 4; lastKnownFileType = sourcecode.c.h; name = DiffMatchPatch_Prefix.pch; path = "SDKs/DiffPatchPatch/google-diff-match-patch-Objective-C/DiffMatchPatch_Prefix.pch"; sourceTree = "<group>"; };
		83E064C51CE533FB0088BE37 /* MinMaxMacros.h */ = {isa = PBXFileReference; fileEncoding = 4; lastKnownFileType = sourcecode.c.h; name = MinMaxMacros.h; path = "SDKs/DiffPatchPatch/google-diff-match-patch-Objective-C/MinMaxMacros.h"; sourceTree = "<group>"; };
		83E064C61CE533FB0088BE37 /* DiffMatchPatchCFUtilities.h */ = {isa = PBXFileReference; fileEncoding = 4; lastKnownFileType = sourcecode.c.h; name = DiffMatchPatchCFUtilities.h; path = "SDKs/DiffPatchPatch/google-diff-match-patch-Objective-C/DiffMatchPatchCFUtilities.h"; sourceTree = "<group>"; };
		83E064C71CE533FB0088BE37 /* DiffMatchPatchCFUtilities.c */ = {isa = PBXFileReference; fileEncoding = 4; lastKnownFileType = sourcecode.c.c; name = DiffMatchPatchCFUtilities.c; path = "SDKs/DiffPatchPatch/google-diff-match-patch-Objective-C/DiffMatchPatchCFUtilities.c"; sourceTree = "<group>"; };
		83E064C81CE533FB0088BE37 /* JXArcCompatibilityMacros.h */ = {isa = PBXFileReference; fileEncoding = 4; lastKnownFileType = sourcecode.c.h; name = JXArcCompatibilityMacros.h; path = "SDKs/DiffPatchPatch/google-diff-match-patch-Objective-C/JXArcCompatibilityMacros.h"; sourceTree = "<group>"; };
		83E064CA1CE534030088BE37 /* DiffMatchPatch.h */ = {isa = PBXFileReference; fileEncoding = 4; lastKnownFileType = sourcecode.c.h; name = DiffMatchPatch.h; path = "SDKs/DiffPatchPatch/google-diff-match-patch-Objective-C/DiffMatchPatch.h"; sourceTree = "<group>"; };
		83E064CB1CE534030088BE37 /* DiffMatchPatch.m */ = {isa = PBXFileReference; fileEncoding = 4; lastKnownFileType = sourcecode.c.objc; name = DiffMatchPatch.m; path = "SDKs/DiffPatchPatch/google-diff-match-patch-Objective-C/DiffMatchPatch.m"; sourceTree = "<group>"; };
		83E064CC1CE534030088BE37 /* NSString+JavaSubstring.h */ = {isa = PBXFileReference; fileEncoding = 4; lastKnownFileType = sourcecode.c.h; name = "NSString+JavaSubstring.h"; path = "SDKs/DiffPatchPatch/google-diff-match-patch-Objective-C/NSString+JavaSubstring.h"; sourceTree = "<group>"; };
		83E064CD1CE534030088BE37 /* NSString+JavaSubstring.m */ = {isa = PBXFileReference; fileEncoding = 4; lastKnownFileType = sourcecode.c.objc; name = "NSString+JavaSubstring.m"; path = "SDKs/DiffPatchPatch/google-diff-match-patch-Objective-C/NSString+JavaSubstring.m"; sourceTree = "<group>"; };
		83E064CE1CE534030088BE37 /* NSString+UnicharUtilities.h */ = {isa = PBXFileReference; fileEncoding = 4; lastKnownFileType = sourcecode.c.h; name = "NSString+UnicharUtilities.h"; path = "SDKs/DiffPatchPatch/google-diff-match-patch-Objective-C/NSString+UnicharUtilities.h"; sourceTree = "<group>"; };
		83E064CF1CE534030088BE37 /* NSString+UnicharUtilities.m */ = {isa = PBXFileReference; fileEncoding = 4; lastKnownFileType = sourcecode.c.objc; name = "NSString+UnicharUtilities.m"; path = "SDKs/DiffPatchPatch/google-diff-match-patch-Objective-C/NSString+UnicharUtilities.m"; sourceTree = "<group>"; };
		83E064D01CE534030088BE37 /* NSString+UriCompatibility.h */ = {isa = PBXFileReference; fileEncoding = 4; lastKnownFileType = sourcecode.c.h; name = "NSString+UriCompatibility.h"; path = "SDKs/DiffPatchPatch/google-diff-match-patch-Objective-C/NSString+UriCompatibility.h"; sourceTree = "<group>"; };
		83E064D11CE534030088BE37 /* NSString+UriCompatibility.m */ = {isa = PBXFileReference; fileEncoding = 4; lastKnownFileType = sourcecode.c.objc; name = "NSString+UriCompatibility.m"; path = "SDKs/DiffPatchPatch/google-diff-match-patch-Objective-C/NSString+UriCompatibility.m"; sourceTree = "<group>"; };
		83E064D21CE534030088BE37 /* NSMutableDictionary+DMPExtensions.h */ = {isa = PBXFileReference; fileEncoding = 4; lastKnownFileType = sourcecode.c.h; name = "NSMutableDictionary+DMPExtensions.h"; path = "SDKs/DiffPatchPatch/google-diff-match-patch-Objective-C/NSMutableDictionary+DMPExtensions.h"; sourceTree = "<group>"; };
		83E064D31CE534030088BE37 /* NSMutableDictionary+DMPExtensions.m */ = {isa = PBXFileReference; fileEncoding = 4; lastKnownFileType = sourcecode.c.objc; name = "NSMutableDictionary+DMPExtensions.m"; path = "SDKs/DiffPatchPatch/google-diff-match-patch-Objective-C/NSMutableDictionary+DMPExtensions.m"; sourceTree = "<group>"; };
		A31E632C9B26EC53A1EAE581 /* Pods_SharedNotesTests.framework */ = {isa = PBXFileReference; explicitFileType = wrapper.framework; includeInIndex = 0; path = Pods_SharedNotesTests.framework; sourceTree = BUILT_PRODUCTS_DIR; };
		F7DA0A26D6C930D38F329309 /* Pods-SharedNotesTests.release.xcconfig */ = {isa = PBXFileReference; includeInIndex = 1; lastKnownFileType = text.xcconfig; name = "Pods-SharedNotesTests.release.xcconfig"; path = "Pods/Target Support Files/Pods-SharedNotesTests/Pods-SharedNotesTests.release.xcconfig"; sourceTree = "<group>"; };
/* End PBXFileReference section */

/* Begin PBXFrameworksBuildPhase section */
		8329795C1CE03FAB00508783 /* Frameworks */ = {
			isa = PBXFrameworksBuildPhase;
			buildActionMask = 2147483647;
			files = (
			);
			runOnlyForDeploymentPostprocessing = 0;
		};
		8369D30D1CD1C792006DA33C /* Frameworks */ = {
			isa = PBXFrameworksBuildPhase;
			buildActionMask = 2147483647;
			files = (
				83973A031CD986DA00FD8520 /* SMSyncServer.framework in Frameworks */,
				6FD0BE8A568536B303639F69 /* Pods_SharedNotes.framework in Frameworks */,
				83973A091CD986E700FD8520 /* SMCoreLib.framework in Frameworks */,
			);
			runOnlyForDeploymentPostprocessing = 0;
		};
		8369D3241CD1C79E006DA33C /* Frameworks */ = {
			isa = PBXFrameworksBuildPhase;
			buildActionMask = 2147483647;
			files = (
				C8D3F07FB58C327C1E45AD4E /* Pods_SharedNotesTests.framework in Frameworks */,
			);
			runOnlyForDeploymentPostprocessing = 0;
		};
/* End PBXFrameworksBuildPhase section */

/* Begin PBXGroup section */
		5AC37B91B6E9CF31796DF542 /* Pods */ = {
			isa = PBXGroup;
			children = (
				2B7584F72A62F25A58394752 /* Pods-SharedNotes.debug.xcconfig */,
				178227570E2FED98FBEF6ACB /* Pods-SharedNotes.release.xcconfig */,
				550D6AA2AFFE88F55F028546 /* Pods-SharedNotesTests.debug.xcconfig */,
				F7DA0A26D6C930D38F329309 /* Pods-SharedNotesTests.release.xcconfig */,
			);
			name = Pods;
			sourceTree = "<group>";
		};
		832979601CE03FAC00508783 /* SharedNotesUITests */ = {
			isa = PBXGroup;
			children = (
				832979611CE03FAC00508783 /* SharedNotesUITests.swift */,
				832979631CE03FAC00508783 /* Info.plist */,
			);
			path = SharedNotesUITests;
			sourceTree = "<group>";
		};
		8344578A1CDDB2D0000C3533 /* ODRefreshControl */ = {
			isa = PBXGroup;
			children = (
				8344578B1CDDB2E2000C3533 /* ODRefreshControl.h */,
				8344578C1CDDB2E2000C3533 /* ODRefreshControl.m */,
			);
			name = ODRefreshControl;
			sourceTree = "<group>";
		};
		8369D3071CD1C791006DA33C = {
			isa = PBXGroup;
			children = (
				83973A2D1CD99C9900FD8520 /* SharedNotes-Bridging-Header.h */,
				8369D3121CD1C793006DA33C /* Code */,
				83973A241CD99C5200FD8520 /* SDKs */,
				839739D31CD96DC200FD8520 /* Supporting Files */,
				839739D01CD96D9900FD8520 /* Resources */,
				8369D32A1CD1C79E006DA33C /* SharedNotesTests */,
				832979601CE03FAC00508783 /* SharedNotesUITests */,
				8369D3111CD1C792006DA33C /* Products */,
				5AC37B91B6E9CF31796DF542 /* Pods */,
				8F0B42316AA9A168E8422D9F /* Frameworks */,
			);
			sourceTree = "<group>";
		};
		8369D3111CD1C792006DA33C /* Products */ = {
			isa = PBXGroup;
			children = (
				8369D3101CD1C792006DA33C /* SharedNotes.app */,
				8369D3271CD1C79E006DA33C /* SharedNotesTests.xctest */,
				8329795F1CE03FAB00508783 /* SharedNotesUITests.xctest */,
			);
			name = Products;
			sourceTree = "<group>";
		};
		8369D3121CD1C793006DA33C /* Code */ = {
			isa = PBXGroup;
			children = (
				839739CC1CD96D7400FD8520 /* AppDelegate.swift */,
				83973A501CDAE73800FD8520 /* NoteTableViewCell.swift */,
				839739CE1CD96D7D00FD8520 /* ViewController.swift */,
				83CF346D1CEF65FF00FEA292 /* DiffMatchPatch+Extras.swift */,
				83973A4E1CDADCBF00FD8520 /* EditNoteViewController.swift */,
				832A87A61D07C62400CED4BA /* LargeImageViewController.swift */,
				8346E1F91CFCB42D006C2637 /* Misc.swift */,
				839739E11CD96F7800FD8520 /* SyncSpinner.swift */,
				83973A0B1CD9872E00FD8520 /* SMGoogleCredentials.swift */,
				83973A121CD987F800FD8520 /* SMGoogleSignInController.swift */,
				839739D61CD96DFD00FD8520 /* Core Data */,
			);
			path = Code;
			sourceTree = "<group>";
		};
		8369D32A1CD1C79E006DA33C /* SharedNotesTests */ = {
			isa = PBXGroup;
			children = (
				8369D32B1CD1C79E006DA33C /* SharedNotesTests.swift */,
				8369D32D1CD1C79E006DA33C /* Info.plist */,
			);
			path = SharedNotesTests;
			sourceTree = "<group>";
		};
		839739D01CD96D9900FD8520 /* Resources */ = {
			isa = PBXGroup;
			children = (
				839739DB1CD96E5500FD8520 /* LaunchScreen.storyboard */,
				839739DD1CD96E5500FD8520 /* Main.storyboard */,
				839739D11CD96DBA00FD8520 /* Assets.xcassets */,
			);
			name = Resources;
			path = SharedNotes;
			sourceTree = "<group>";
		};
		839739D31CD96DC200FD8520 /* Supporting Files */ = {
			isa = PBXGroup;
			children = (
				839739D41CD96DD800FD8520 /* Info.plist */,
				83973A1B1CD98AEF00FD8520 /* SMSyncServer-client.plist */,
				83973A1D1CD98C8000FD8520 /* GoogleService-Info.plist */,
			);
			name = "Supporting Files";
			sourceTree = "<group>";
		};
		839739D61CD96DFD00FD8520 /* Core Data */ = {
			isa = PBXGroup;
			children = (
				839739D91CD96E3F00FD8520 /* SharedNotes.xcdatamodel */,
				83E064331CE51C880088BE37 /* CoreDataExtras.swift */,
				83E064341CE51C880088BE37 /* Note.swift */,
				83B854ED1CF263F900629C05 /* NoteImage.swift */,
				83E064351CE51C880088BE37 /* Note+CoreDataProperties.swift */,
				83B854EC1CF263F900629C05 /* NoteImage+CoreDataProperties.swift */,
			);
			name = "Core Data";
			sourceTree = "<group>";
		};
		839739FD1CD986BA00FD8520 /* Products */ = {
			isa = PBXGroup;
			children = (
				83973A021CD986BB00FD8520 /* SMSyncServer.framework */,
			);
			name = Products;
			sourceTree = "<group>";
		};
		83973A241CD99C5200FD8520 /* SDKs */ = {
			isa = PBXGroup;
			children = (
				83E064AC1CE532390088BE37 /* DiffMatchPatch */,
				8344578A1CDDB2D0000C3533 /* ODRefreshControl */,
				83973A2E1CD99C9900FD8520 /* CALayer+MBAnimationPersistence */,
			);
			name = SDKs;
			sourceTree = "<group>";
		};
		83973A2E1CD99C9900FD8520 /* CALayer+MBAnimationPersistence */ = {
			isa = PBXGroup;
			children = (
				834457871CDDB2C3000C3533 /* CALayer+MBAnimationPersistence.h */,
				834457881CDDB2C3000C3533 /* CALayer+MBAnimationPersistence.m */,
			);
			name = "CALayer+MBAnimationPersistence";
			path = "OtherLibs/CALayer+MBAnimationPersistence";
			sourceTree = "<group>";
		};
		83E064AC1CE532390088BE37 /* DiffMatchPatch */ = {
			isa = PBXGroup;
			children = (
				83E064AE1CE532A90088BE37 /* Other Sources */,
				83E064AD1CE5329E0088BE37 /* Classes */,
			);
			name = DiffMatchPatch;
			sourceTree = "<group>";
		};
		83E064AD1CE5329E0088BE37 /* Classes */ = {
			isa = PBXGroup;
			children = (
				83E064CA1CE534030088BE37 /* DiffMatchPatch.h */,
				83E064CB1CE534030088BE37 /* DiffMatchPatch.m */,
				83E064CC1CE534030088BE37 /* NSString+JavaSubstring.h */,
				83E064CD1CE534030088BE37 /* NSString+JavaSubstring.m */,
				83E064CE1CE534030088BE37 /* NSString+UnicharUtilities.h */,
				83E064CF1CE534030088BE37 /* NSString+UnicharUtilities.m */,
				83E064D01CE534030088BE37 /* NSString+UriCompatibility.h */,
				83E064D11CE534030088BE37 /* NSString+UriCompatibility.m */,
				83E064D21CE534030088BE37 /* NSMutableDictionary+DMPExtensions.h */,
				83E064D31CE534030088BE37 /* NSMutableDictionary+DMPExtensions.m */,
			);
			name = Classes;
			sourceTree = "<group>";
		};
		83E064AE1CE532A90088BE37 /* Other Sources */ = {
			isa = PBXGroup;
			children = (
				83E064C41CE533FB0088BE37 /* DiffMatchPatch_Prefix.pch */,
				83E064C51CE533FB0088BE37 /* MinMaxMacros.h */,
				83E064C61CE533FB0088BE37 /* DiffMatchPatchCFUtilities.h */,
				83E064C71CE533FB0088BE37 /* DiffMatchPatchCFUtilities.c */,
				83E064C81CE533FB0088BE37 /* JXArcCompatibilityMacros.h */,
			);
			name = "Other Sources";
			sourceTree = "<group>";
		};
		8F0B42316AA9A168E8422D9F /* Frameworks */ = {
			isa = PBXGroup;
			children = (
				83973A081CD986E700FD8520 /* SMCoreLib.framework */,
				839739FC1CD986BA00FD8520 /* SMSyncServer.xcodeproj */,
				4CEC5BF5FE4DFCB8EE7AEB1D /* Pods_SharedNotes.framework */,
				A31E632C9B26EC53A1EAE581 /* Pods_SharedNotesTests.framework */,
			);
			name = Frameworks;
			sourceTree = "<group>";
		};
/* End PBXGroup section */

/* Begin PBXNativeTarget section */
		8329795E1CE03FAB00508783 /* SharedNotesUITests */ = {
			isa = PBXNativeTarget;
			buildConfigurationList = 832979681CE03FAC00508783 /* Build configuration list for PBXNativeTarget "SharedNotesUITests" */;
			buildPhases = (
				8329795B1CE03FAB00508783 /* Sources */,
				8329795C1CE03FAB00508783 /* Frameworks */,
				8329795D1CE03FAB00508783 /* Resources */,
			);
			buildRules = (
			);
			dependencies = (
				832979651CE03FAC00508783 /* PBXTargetDependency */,
			);
			name = SharedNotesUITests;
			productName = SharedNotesUITests;
			productReference = 8329795F1CE03FAB00508783 /* SharedNotesUITests.xctest */;
			productType = "com.apple.product-type.bundle.ui-testing";
		};
		8369D30F1CD1C792006DA33C /* SharedNotes */ = {
			isa = PBXNativeTarget;
			buildConfigurationList = 8369D3301CD1C79E006DA33C /* Build configuration list for PBXNativeTarget "SharedNotes" */;
			buildPhases = (
				989193649A92E3A252ADEEBF /* Check Pods Manifest.lock */,
				8369D30C1CD1C792006DA33C /* Sources */,
				8369D30D1CD1C792006DA33C /* Frameworks */,
				8369D30E1CD1C792006DA33C /* Resources */,
				6378EF905FAB3FEF1652218D /* Embed Pods Frameworks */,
				6D9E65A9E997AC95CBDDE2AD /* Copy Pods Resources */,
				83973A071CD986DA00FD8520 /* Embed Frameworks */,
			);
			buildRules = (
			);
			dependencies = (
				83973A061CD986DA00FD8520 /* PBXTargetDependency */,
			);
			name = SharedNotes;
			productName = SharedNotes;
			productReference = 8369D3101CD1C792006DA33C /* SharedNotes.app */;
			productType = "com.apple.product-type.application";
		};
		8369D3261CD1C79E006DA33C /* SharedNotesTests */ = {
			isa = PBXNativeTarget;
			buildConfigurationList = 8369D3331CD1C79E006DA33C /* Build configuration list for PBXNativeTarget "SharedNotesTests" */;
			buildPhases = (
				EE46AC8FC1DA0B7145B20CD1 /* Check Pods Manifest.lock */,
				8369D3231CD1C79E006DA33C /* Sources */,
				8369D3241CD1C79E006DA33C /* Frameworks */,
				8369D3251CD1C79E006DA33C /* Resources */,
				B53308AC42637C191B707E62 /* Embed Pods Frameworks */,
				6485BFB9234CEF2BFDD15AA5 /* Copy Pods Resources */,
			);
			buildRules = (
			);
			dependencies = (
				8369D3291CD1C79E006DA33C /* PBXTargetDependency */,
			);
			name = SharedNotesTests;
			productName = SharedNotesTests;
			productReference = 8369D3271CD1C79E006DA33C /* SharedNotesTests.xctest */;
			productType = "com.apple.product-type.bundle.unit-test";
		};
/* End PBXNativeTarget section */

/* Begin PBXProject section */
		8369D3081CD1C791006DA33C /* Project object */ = {
			isa = PBXProject;
			attributes = {
				LastSwiftUpdateCheck = 0730;
				LastUpgradeCheck = 0730;
				ORGANIZATIONNAME = "Spastic Muffin, LLC";
				TargetAttributes = {
					8329795E1CE03FAB00508783 = {
						CreatedOnToolsVersion = 7.3.1;
						TestTargetID = 8369D30F1CD1C792006DA33C;
					};
					8369D30F1CD1C792006DA33C = {
						CreatedOnToolsVersion = 7.3;
						DevelopmentTeam = BH68R29JBE;
					};
					8369D3261CD1C79E006DA33C = {
						CreatedOnToolsVersion = 7.3;
						TestTargetID = 8369D30F1CD1C792006DA33C;
					};
				};
			};
			buildConfigurationList = 8369D30B1CD1C791006DA33C /* Build configuration list for PBXProject "SharedNotes" */;
			compatibilityVersion = "Xcode 3.2";
			developmentRegion = English;
			hasScannedForEncodings = 0;
			knownRegions = (
				en,
				Base,
			);
			mainGroup = 8369D3071CD1C791006DA33C;
			productRefGroup = 8369D3111CD1C792006DA33C /* Products */;
			projectDirPath = "";
			projectReferences = (
				{
					ProductGroup = 839739FD1CD986BA00FD8520 /* Products */;
					ProjectRef = 839739FC1CD986BA00FD8520 /* SMSyncServer.xcodeproj */;
				},
			);
			projectRoot = "";
			targets = (
				8369D30F1CD1C792006DA33C /* SharedNotes */,
				8369D3261CD1C79E006DA33C /* SharedNotesTests */,
				8329795E1CE03FAB00508783 /* SharedNotesUITests */,
			);
		};
/* End PBXProject section */

/* Begin PBXReferenceProxy section */
		83973A021CD986BB00FD8520 /* SMSyncServer.framework */ = {
			isa = PBXReferenceProxy;
			fileType = wrapper.framework;
			path = SMSyncServer.framework;
			remoteRef = 83973A011CD986BB00FD8520 /* PBXContainerItemProxy */;
			sourceTree = BUILT_PRODUCTS_DIR;
		};
/* End PBXReferenceProxy section */

/* Begin PBXResourcesBuildPhase section */
		8329795D1CE03FAB00508783 /* Resources */ = {
			isa = PBXResourcesBuildPhase;
			buildActionMask = 2147483647;
			files = (
			);
			runOnlyForDeploymentPostprocessing = 0;
		};
		8369D30E1CD1C792006DA33C /* Resources */ = {
			isa = PBXResourcesBuildPhase;
			buildActionMask = 2147483647;
			files = (
				839739D21CD96DBA00FD8520 /* Assets.xcassets in Resources */,
				839739E01CD96E5500FD8520 /* Main.storyboard in Resources */,
				83973A1E1CD98C8000FD8520 /* GoogleService-Info.plist in Resources */,
				839739DF1CD96E5500FD8520 /* LaunchScreen.storyboard in Resources */,
				83973A1C1CD98AEF00FD8520 /* SMSyncServer-client.plist in Resources */,
			);
			runOnlyForDeploymentPostprocessing = 0;
		};
		8369D3251CD1C79E006DA33C /* Resources */ = {
			isa = PBXResourcesBuildPhase;
			buildActionMask = 2147483647;
			files = (
			);
			runOnlyForDeploymentPostprocessing = 0;
		};
/* End PBXResourcesBuildPhase section */

/* Begin PBXShellScriptBuildPhase section */
		6378EF905FAB3FEF1652218D /* Embed Pods Frameworks */ = {
			isa = PBXShellScriptBuildPhase;
			buildActionMask = 2147483647;
			files = (
			);
			inputPaths = (
			);
			name = "Embed Pods Frameworks";
			outputPaths = (
			);
			runOnlyForDeploymentPostprocessing = 0;
			shellPath = /bin/sh;
			shellScript = "\"${SRCROOT}/Pods/Target Support Files/Pods-SharedNotes/Pods-SharedNotes-frameworks.sh\"\n";
			showEnvVarsInLog = 0;
		};
		6485BFB9234CEF2BFDD15AA5 /* Copy Pods Resources */ = {
			isa = PBXShellScriptBuildPhase;
			buildActionMask = 2147483647;
			files = (
			);
			inputPaths = (
			);
			name = "Copy Pods Resources";
			outputPaths = (
			);
			runOnlyForDeploymentPostprocessing = 0;
			shellPath = /bin/sh;
			shellScript = "\"${SRCROOT}/Pods/Target Support Files/Pods-SharedNotesTests/Pods-SharedNotesTests-resources.sh\"\n";
			showEnvVarsInLog = 0;
		};
		6D9E65A9E997AC95CBDDE2AD /* Copy Pods Resources */ = {
			isa = PBXShellScriptBuildPhase;
			buildActionMask = 2147483647;
			files = (
			);
			inputPaths = (
			);
			name = "Copy Pods Resources";
			outputPaths = (
			);
			runOnlyForDeploymentPostprocessing = 0;
			shellPath = /bin/sh;
			shellScript = "\"${SRCROOT}/Pods/Target Support Files/Pods-SharedNotes/Pods-SharedNotes-resources.sh\"\n";
			showEnvVarsInLog = 0;
		};
		989193649A92E3A252ADEEBF /* Check Pods Manifest.lock */ = {
			isa = PBXShellScriptBuildPhase;
			buildActionMask = 2147483647;
			files = (
			);
			inputPaths = (
			);
			name = "Check Pods Manifest.lock";
			outputPaths = (
			);
			runOnlyForDeploymentPostprocessing = 0;
			shellPath = /bin/sh;
			shellScript = "diff \"${PODS_ROOT}/../Podfile.lock\" \"${PODS_ROOT}/Manifest.lock\" > /dev/null\nif [[ $? != 0 ]] ; then\n    cat << EOM\nerror: The sandbox is not in sync with the Podfile.lock. Run 'pod install' or update your CocoaPods installation.\nEOM\n    exit 1\nfi\n";
			showEnvVarsInLog = 0;
		};
		B53308AC42637C191B707E62 /* Embed Pods Frameworks */ = {
			isa = PBXShellScriptBuildPhase;
			buildActionMask = 2147483647;
			files = (
			);
			inputPaths = (
			);
			name = "Embed Pods Frameworks";
			outputPaths = (
			);
			runOnlyForDeploymentPostprocessing = 0;
			shellPath = /bin/sh;
			shellScript = "\"${SRCROOT}/Pods/Target Support Files/Pods-SharedNotesTests/Pods-SharedNotesTests-frameworks.sh\"\n";
			showEnvVarsInLog = 0;
		};
		EE46AC8FC1DA0B7145B20CD1 /* Check Pods Manifest.lock */ = {
			isa = PBXShellScriptBuildPhase;
			buildActionMask = 2147483647;
			files = (
			);
			inputPaths = (
			);
			name = "Check Pods Manifest.lock";
			outputPaths = (
			);
			runOnlyForDeploymentPostprocessing = 0;
			shellPath = /bin/sh;
			shellScript = "diff \"${PODS_ROOT}/../Podfile.lock\" \"${PODS_ROOT}/Manifest.lock\" > /dev/null\nif [[ $? != 0 ]] ; then\n    cat << EOM\nerror: The sandbox is not in sync with the Podfile.lock. Run 'pod install' or update your CocoaPods installation.\nEOM\n    exit 1\nfi\n";
			showEnvVarsInLog = 0;
		};
/* End PBXShellScriptBuildPhase section */

/* Begin PBXSourcesBuildPhase section */
		8329795B1CE03FAB00508783 /* Sources */ = {
			isa = PBXSourcesBuildPhase;
			buildActionMask = 2147483647;
			files = (
				832979621CE03FAC00508783 /* SharedNotesUITests.swift in Sources */,
			);
			runOnlyForDeploymentPostprocessing = 0;
		};
		8369D30C1CD1C792006DA33C /* Sources */ = {
			isa = PBXSourcesBuildPhase;
			buildActionMask = 2147483647;
			files = (
				83E064D81CE534030088BE37 /* NSMutableDictionary+DMPExtensions.m in Sources */,
				83973A131CD987F800FD8520 /* SMGoogleSignInController.swift in Sources */,
				83973A0C1CD9872E00FD8520 /* SMGoogleCredentials.swift in Sources */,
				839739CF1CD96D7D00FD8520 /* ViewController.swift in Sources */,
				83973A4F1CDADCBF00FD8520 /* EditNoteViewController.swift in Sources */,
				83E064371CE51C880088BE37 /* Note.swift in Sources */,
				839739CD1CD96D7400FD8520 /* AppDelegate.swift in Sources */,
				8346E1FA1CFCB42D006C2637 /* Misc.swift in Sources */,
				83E064361CE51C880088BE37 /* CoreDataExtras.swift in Sources */,
				83E064381CE51C880088BE37 /* Note+CoreDataProperties.swift in Sources */,
				83E064D41CE534030088BE37 /* DiffMatchPatch.m in Sources */,
				83E064D51CE534030088BE37 /* NSString+JavaSubstring.m in Sources */,
				83E064D61CE534030088BE37 /* NSString+UnicharUtilities.m in Sources */,
				8344578D1CDDB2E2000C3533 /* ODRefreshControl.m in Sources */,
				832A87A71D07C62400CED4BA /* LargeImageViewController.swift in Sources */,
				839739DA1CD96E3F00FD8520 /* SharedNotes.xcdatamodel in Sources */,
				839739E21CD96F7800FD8520 /* SyncSpinner.swift in Sources */,
				83E064C91CE533FB0088BE37 /* DiffMatchPatchCFUtilities.c in Sources */,
				834457891CDDB2C3000C3533 /* CALayer+MBAnimationPersistence.m in Sources */,
				83973A511CDAE73800FD8520 /* NoteTableViewCell.swift in Sources */,
				83CF346E1CEF65FF00FEA292 /* DiffMatchPatch+Extras.swift in Sources */,
				83B854EF1CF263F900629C05 /* NoteImage.swift in Sources */,
				83E064D71CE534030088BE37 /* NSString+UriCompatibility.m in Sources */,
				83B854EE1CF263F900629C05 /* NoteImage+CoreDataProperties.swift in Sources */,
			);
			runOnlyForDeploymentPostprocessing = 0;
		};
		8369D3231CD1C79E006DA33C /* Sources */ = {
			isa = PBXSourcesBuildPhase;
			buildActionMask = 2147483647;
			files = (
				8369D32C1CD1C79E006DA33C /* SharedNotesTests.swift in Sources */,
			);
			runOnlyForDeploymentPostprocessing = 0;
		};
/* End PBXSourcesBuildPhase section */

/* Begin PBXTargetDependency section */
		832979651CE03FAC00508783 /* PBXTargetDependency */ = {
			isa = PBXTargetDependency;
			target = 8369D30F1CD1C792006DA33C /* SharedNotes */;
			targetProxy = 832979641CE03FAC00508783 /* PBXContainerItemProxy */;
		};
		8369D3291CD1C79E006DA33C /* PBXTargetDependency */ = {
			isa = PBXTargetDependency;
			target = 8369D30F1CD1C792006DA33C /* SharedNotes */;
			targetProxy = 8369D3281CD1C79E006DA33C /* PBXContainerItemProxy */;
		};
		83973A061CD986DA00FD8520 /* PBXTargetDependency */ = {
			isa = PBXTargetDependency;
			name = SMSyncServer;
			targetProxy = 83973A051CD986DA00FD8520 /* PBXContainerItemProxy */;
		};
/* End PBXTargetDependency section */

/* Begin PBXVariantGroup section */
		839739DB1CD96E5500FD8520 /* LaunchScreen.storyboard */ = {
			isa = PBXVariantGroup;
			children = (
				839739DC1CD96E5500FD8520 /* Base */,
			);
			name = LaunchScreen.storyboard;
			sourceTree = "<group>";
		};
		839739DD1CD96E5500FD8520 /* Main.storyboard */ = {
			isa = PBXVariantGroup;
			children = (
				839739DE1CD96E5500FD8520 /* Base */,
			);
			name = Main.storyboard;
			sourceTree = "<group>";
		};
/* End PBXVariantGroup section */

/* Begin XCBuildConfiguration section */
		832979661CE03FAC00508783 /* Debug */ = {
			isa = XCBuildConfiguration;
			buildSettings = {
				INFOPLIST_FILE = SharedNotesUITests/Info.plist;
				LD_RUNPATH_SEARCH_PATHS = "$(inherited) @executable_path/Frameworks @loader_path/Frameworks";
				PRODUCT_BUNDLE_IDENTIFIER = biz.SpasticMuffin.SharedNotesUITests;
				PRODUCT_NAME = "$(TARGET_NAME)";
				TEST_TARGET_NAME = SharedNotes;
			};
			name = Debug;
		};
		832979671CE03FAC00508783 /* Release */ = {
			isa = XCBuildConfiguration;
			buildSettings = {
				INFOPLIST_FILE = SharedNotesUITests/Info.plist;
				LD_RUNPATH_SEARCH_PATHS = "$(inherited) @executable_path/Frameworks @loader_path/Frameworks";
				PRODUCT_BUNDLE_IDENTIFIER = biz.SpasticMuffin.SharedNotesUITests;
				PRODUCT_NAME = "$(TARGET_NAME)";
				TEST_TARGET_NAME = SharedNotes;
			};
			name = Release;
		};
		8369D32E1CD1C79E006DA33C /* Debug */ = {
			isa = XCBuildConfiguration;
			buildSettings = {
				ALWAYS_SEARCH_USER_PATHS = NO;
				CLANG_ANALYZER_NONNULL = YES;
				CLANG_CXX_LANGUAGE_STANDARD = "gnu++0x";
				CLANG_CXX_LIBRARY = "libc++";
				CLANG_ENABLE_MODULES = YES;
				CLANG_ENABLE_OBJC_ARC = YES;
				CLANG_WARN_BOOL_CONVERSION = YES;
				CLANG_WARN_CONSTANT_CONVERSION = YES;
				CLANG_WARN_DIRECT_OBJC_ISA_USAGE = YES_ERROR;
				CLANG_WARN_EMPTY_BODY = YES;
				CLANG_WARN_ENUM_CONVERSION = YES;
				CLANG_WARN_INT_CONVERSION = YES;
				CLANG_WARN_OBJC_ROOT_CLASS = YES_ERROR;
				CLANG_WARN_UNREACHABLE_CODE = YES;
				CLANG_WARN__DUPLICATE_METHOD_MATCH = YES;
				"CODE_SIGN_IDENTITY[sdk=iphoneos*]" = "iPhone Developer";
				COPY_PHASE_STRIP = NO;
				DEBUG_INFORMATION_FORMAT = dwarf;
				ENABLE_STRICT_OBJC_MSGSEND = YES;
				ENABLE_TESTABILITY = YES;
				GCC_C_LANGUAGE_STANDARD = gnu99;
				GCC_DYNAMIC_NO_PIC = NO;
				GCC_NO_COMMON_BLOCKS = YES;
				GCC_OPTIMIZATION_LEVEL = 0;
				GCC_PREPROCESSOR_DEFINITIONS = (
					"DEBUG=1",
					"$(inherited)",
				);
				GCC_WARN_64_TO_32_BIT_CONVERSION = YES;
				GCC_WARN_ABOUT_RETURN_TYPE = YES_ERROR;
				GCC_WARN_UNDECLARED_SELECTOR = YES;
				GCC_WARN_UNINITIALIZED_AUTOS = YES_AGGRESSIVE;
				GCC_WARN_UNUSED_FUNCTION = YES;
				GCC_WARN_UNUSED_VARIABLE = YES;
				IPHONEOS_DEPLOYMENT_TARGET = 9.3;
				MTL_ENABLE_DEBUG_INFO = YES;
				ONLY_ACTIVE_ARCH = YES;
				SDKROOT = iphoneos;
				SWIFT_OPTIMIZATION_LEVEL = "-Onone";
				TARGETED_DEVICE_FAMILY = "1,2";
			};
			name = Debug;
		};
		8369D32F1CD1C79E006DA33C /* Release */ = {
			isa = XCBuildConfiguration;
			buildSettings = {
				ALWAYS_SEARCH_USER_PATHS = NO;
				CLANG_ANALYZER_NONNULL = YES;
				CLANG_CXX_LANGUAGE_STANDARD = "gnu++0x";
				CLANG_CXX_LIBRARY = "libc++";
				CLANG_ENABLE_MODULES = YES;
				CLANG_ENABLE_OBJC_ARC = YES;
				CLANG_WARN_BOOL_CONVERSION = YES;
				CLANG_WARN_CONSTANT_CONVERSION = YES;
				CLANG_WARN_DIRECT_OBJC_ISA_USAGE = YES_ERROR;
				CLANG_WARN_EMPTY_BODY = YES;
				CLANG_WARN_ENUM_CONVERSION = YES;
				CLANG_WARN_INT_CONVERSION = YES;
				CLANG_WARN_OBJC_ROOT_CLASS = YES_ERROR;
				CLANG_WARN_UNREACHABLE_CODE = YES;
				CLANG_WARN__DUPLICATE_METHOD_MATCH = YES;
				"CODE_SIGN_IDENTITY[sdk=iphoneos*]" = "iPhone Developer";
				COPY_PHASE_STRIP = NO;
				DEBUG_INFORMATION_FORMAT = "dwarf-with-dsym";
				ENABLE_NS_ASSERTIONS = NO;
				ENABLE_STRICT_OBJC_MSGSEND = YES;
				GCC_C_LANGUAGE_STANDARD = gnu99;
				GCC_NO_COMMON_BLOCKS = YES;
				GCC_WARN_64_TO_32_BIT_CONVERSION = YES;
				GCC_WARN_ABOUT_RETURN_TYPE = YES_ERROR;
				GCC_WARN_UNDECLARED_SELECTOR = YES;
				GCC_WARN_UNINITIALIZED_AUTOS = YES_AGGRESSIVE;
				GCC_WARN_UNUSED_FUNCTION = YES;
				GCC_WARN_UNUSED_VARIABLE = YES;
				IPHONEOS_DEPLOYMENT_TARGET = 9.3;
				MTL_ENABLE_DEBUG_INFO = NO;
				SDKROOT = iphoneos;
				TARGETED_DEVICE_FAMILY = "1,2";
				VALIDATE_PRODUCT = YES;
			};
			name = Release;
		};
		8369D3311CD1C79E006DA33C /* Debug */ = {
			isa = XCBuildConfiguration;
			baseConfigurationReference = 2B7584F72A62F25A58394752 /* Pods-SharedNotes.debug.xcconfig */;
			buildSettings = {
				ASSETCATALOG_COMPILER_APPICON_NAME = AppIcon;
				CLANG_ENABLE_MODULES = YES;
				CODE_SIGN_IDENTITY = "iPhone Developer";
				"CODE_SIGN_IDENTITY[sdk=iphoneos*]" = "iPhone Developer";
				EMBEDDED_CONTENT_CONTAINS_SWIFT = YES;
				INFOPLIST_FILE = "Supporting Files/Info.plist";
				IPHONEOS_DEPLOYMENT_TARGET = 8.0;
				LD_RUNPATH_SEARCH_PATHS = "$(inherited) @executable_path/Frameworks";
				PRODUCT_BUNDLE_IDENTIFIER = biz.SpasticMuffin.SharedNotes;
				PRODUCT_NAME = SharedNotes;
				PROVISIONING_PROFILE = "";
				SWIFT_OBJC_BRIDGING_HEADER = "SharedNotes-Bridging-Header.h";
				SWIFT_OPTIMIZATION_LEVEL = "-Onone";
			};
			name = Debug;
		};
		8369D3321CD1C79E006DA33C /* Release */ = {
			isa = XCBuildConfiguration;
			baseConfigurationReference = 178227570E2FED98FBEF6ACB /* Pods-SharedNotes.release.xcconfig */;
			buildSettings = {
				ASSETCATALOG_COMPILER_APPICON_NAME = AppIcon;
				CLANG_ENABLE_MODULES = YES;
				CODE_SIGN_IDENTITY = "iPhone Developer";
				"CODE_SIGN_IDENTITY[sdk=iphoneos*]" = "iPhone Developer";
				EMBEDDED_CONTENT_CONTAINS_SWIFT = YES;
				INFOPLIST_FILE = "Supporting Files/Info.plist";
				IPHONEOS_DEPLOYMENT_TARGET = 8.0;
				LD_RUNPATH_SEARCH_PATHS = "$(inherited) @executable_path/Frameworks";
				PRODUCT_BUNDLE_IDENTIFIER = biz.SpasticMuffin.SharedNotes;
				PRODUCT_NAME = SharedNotes;
				PROVISIONING_PROFILE = "";
				SWIFT_OBJC_BRIDGING_HEADER = "SharedNotes-Bridging-Header.h";
			};
			name = Release;
		};
		8369D3341CD1C79E006DA33C /* Debug */ = {
			isa = XCBuildConfiguration;
			baseConfigurationReference = 550D6AA2AFFE88F55F028546 /* Pods-SharedNotesTests.debug.xcconfig */;
			buildSettings = {
				BUNDLE_LOADER = "$(TEST_HOST)";
				INFOPLIST_FILE = SharedNotesTests/Info.plist;
				LD_RUNPATH_SEARCH_PATHS = "$(inherited) @executable_path/Frameworks @loader_path/Frameworks";
				PRODUCT_BUNDLE_IDENTIFIER = biz.SpasticMuffin.SharedNotesTests;
				PRODUCT_NAME = "$(TARGET_NAME)";
				TEST_HOST = "$(BUILT_PRODUCTS_DIR)/SharedNotes.app/SharedNotes";
			};
			name = Debug;
		};
		8369D3351CD1C79E006DA33C /* Release */ = {
			isa = XCBuildConfiguration;
			baseConfigurationReference = F7DA0A26D6C930D38F329309 /* Pods-SharedNotesTests.release.xcconfig */;
			buildSettings = {
				BUNDLE_LOADER = "$(TEST_HOST)";
				INFOPLIST_FILE = SharedNotesTests/Info.plist;
				LD_RUNPATH_SEARCH_PATHS = "$(inherited) @executable_path/Frameworks @loader_path/Frameworks";
				PRODUCT_BUNDLE_IDENTIFIER = biz.SpasticMuffin.SharedNotesTests;
				PRODUCT_NAME = "$(TARGET_NAME)";
				TEST_HOST = "$(BUILT_PRODUCTS_DIR)/SharedNotes.app/SharedNotes";
			};
			name = Release;
		};
/* End XCBuildConfiguration section */

/* Begin XCConfigurationList section */
		832979681CE03FAC00508783 /* Build configuration list for PBXNativeTarget "SharedNotesUITests" */ = {
			isa = XCConfigurationList;
			buildConfigurations = (
				832979661CE03FAC00508783 /* Debug */,
				832979671CE03FAC00508783 /* Release */,
			);
			defaultConfigurationIsVisible = 0;
			defaultConfigurationName = Release;
		};
		8369D30B1CD1C791006DA33C /* Build configuration list for PBXProject "SharedNotes" */ = {
			isa = XCConfigurationList;
			buildConfigurations = (
				8369D32E1CD1C79E006DA33C /* Debug */,
				8369D32F1CD1C79E006DA33C /* Release */,
			);
			defaultConfigurationIsVisible = 0;
			defaultConfigurationName = Release;
		};
		8369D3301CD1C79E006DA33C /* Build configuration list for PBXNativeTarget "SharedNotes" */ = {
			isa = XCConfigurationList;
			buildConfigurations = (
				8369D3311CD1C79E006DA33C /* Debug */,
				8369D3321CD1C79E006DA33C /* Release */,
			);
			defaultConfigurationIsVisible = 0;
			defaultConfigurationName = Release;
		};
		8369D3331CD1C79E006DA33C /* Build configuration list for PBXNativeTarget "SharedNotesTests" */ = {
			isa = XCConfigurationList;
			buildConfigurations = (
				8369D3341CD1C79E006DA33C /* Debug */,
				8369D3351CD1C79E006DA33C /* Release */,
			);
			defaultConfigurationIsVisible = 0;
			defaultConfigurationName = Release;
		};
/* End XCConfigurationList section */
	};
	rootObject = 8369D3081CD1C791006DA33C /* Project object */;
}
