// !$*UTF8*$!
{
	archiveVersion = 1;
	classes = {
	};
	objectVersion = 46;
	objects = {

/* Begin PBXFileReference section */
		830A66FE1D0E04AB00E33EAA /* GoogleUserCredentials.sjs */ = {isa = PBXFileReference; lastKnownFileType = text; path = GoogleUserCredentials.sjs; sourceTree = "<group>"; xcLanguageSpecificationIdentifier = xcode.lang.javascript; };
		830A67001D0E0A6700E33EAA /* FacebookUserCredentials.sjs */ = {isa = PBXFileReference; lastKnownFileType = text; path = FacebookUserCredentials.sjs; sourceTree = "<group>"; xcLanguageSpecificationIdentifier = xcode.lang.javascript; };
		832635A81D7C9A8800F04BC0 /* UploadEP.sjs */ = {isa = PBXFileReference; lastKnownFileType = text; name = UploadEP.sjs; path = RESTEntryPoints/UploadEP.sjs; sourceTree = "<group>"; xcLanguageSpecificationIdentifier = xcode.lang.javascript; };
		832635A91D7C9A8800F04BC0 /* Routes.sjs */ = {isa = PBXFileReference; lastKnownFileType = text; name = Routes.sjs; path = RESTEntryPoints/Routes.sjs; sourceTree = "<group>"; xcLanguageSpecificationIdentifier = xcode.lang.javascript; };
		832635AA1D7C9A8800F04BC0 /* FileIndexEP.sjs */ = {isa = PBXFileReference; lastKnownFileType = text; name = FileIndexEP.sjs; path = RESTEntryPoints/FileIndexEP.sjs; sourceTree = "<group>"; xcLanguageSpecificationIdentifier = xcode.lang.javascript; };
		832635AB1D7C9A8800F04BC0 /* UserEP.sjs */ = {isa = PBXFileReference; lastKnownFileType = text; name = UserEP.sjs; path = RESTEntryPoints/UserEP.sjs; sourceTree = "<group>"; xcLanguageSpecificationIdentifier = xcode.lang.javascript; };
		832635AC1D7C9A8800F04BC0 /* SharingEP.sjs */ = {isa = PBXFileReference; lastKnownFileType = text; name = SharingEP.sjs; path = RESTEntryPoints/SharingEP.sjs; sourceTree = "<group>"; xcLanguageSpecificationIdentifier = xcode.lang.javascript; };
		832635AE1D7C9A8800F04BC0 /* DownloadEP.sjs */ = {isa = PBXFileReference; lastKnownFileType = text; name = DownloadEP.sjs; path = RESTEntryPoints/DownloadEP.sjs; sourceTree = "<group>"; xcLanguageSpecificationIdentifier = xcode.lang.javascript; };
		832635AF1D7C9A8800F04BC0 /* OperationIdEP.sjs */ = {isa = PBXFileReference; lastKnownFileType = text; name = OperationIdEP.sjs; path = RESTEntryPoints/OperationIdEP.sjs; sourceTree = "<group>"; xcLanguageSpecificationIdentifier = xcode.lang.javascript; };
		832635B51D7CD07100F04BC0 /* PSUpload.sjs */ = {isa = PBXFileReference; fileEncoding = 4; lastKnownFileType = text; path = PSUpload.sjs; sourceTree = "<group>"; xcLanguageSpecificationIdentifier = xcode.lang.javascript; };
		833001991D868D9D005310B8 /* index.js */ = {isa = PBXFileReference; lastKnownFileType = sourcecode.javascript; name = index.js; path = "mongoose-distributed-lock/index.js"; sourceTree = "<group>"; };
		8330019A1D868D9D005310B8 /* model.js */ = {isa = PBXFileReference; lastKnownFileType = sourcecode.javascript; name = model.js; path = "mongoose-distributed-lock/model.js"; sourceTree = "<group>"; };
		8369D3451CD8E458006DA33C /* Secrets.sjs */ = {isa = PBXFileReference; lastKnownFileType = text; path = Secrets.sjs; sourceTree = "<group>"; xcLanguageSpecificationIdentifier = xcode.lang.javascript; };
		836F28751C128D1D00385636 /* FileTransfers.sjs */ = {isa = PBXFileReference; lastKnownFileType = text; path = FileTransfers.sjs; sourceTree = "<group>"; xcLanguageSpecificationIdentifier = xcode.lang.javascript; };
		836F28771C12DF1500385636 /* macros.sjs */ = {isa = PBXFileReference; lastKnownFileType = text; path = macros.sjs; sourceTree = "<group>"; xcLanguageSpecificationIdentifier = xcode.lang.javascript; };
		836F28781C13758900385636 /* File.sjs */ = {isa = PBXFileReference; lastKnownFileType = text; path = File.sjs; sourceTree = "<group>"; xcLanguageSpecificationIdentifier = xcode.lang.javascript; };
		836F28791C13CCE300385636 /* Logger.js */ = {isa = PBXFileReference; lastKnownFileType = sourcecode.javascript; path = Logger.js; sourceTree = "<group>"; };
		836F287B1C13F68400385636 /* PSFileIndex.sjs */ = {isa = PBXFileReference; lastKnownFileType = text; path = PSFileIndex.sjs; sourceTree = "<group>"; xcLanguageSpecificationIdentifier = xcode.lang.javascript; };
		836F287E1C1679C900385636 /* Common.sjs */ = {isa = PBXFileReference; lastKnownFileType = text; path = Common.sjs; sourceTree = "<group>"; xcLanguageSpecificationIdentifier = xcode.lang.javascript; };
		838607841C459D7300EB2FAD /* ClientFile.sjs */ = {isa = PBXFileReference; lastKnownFileType = text; path = ClientFile.sjs; sourceTree = "<group>"; xcLanguageSpecificationIdentifier = xcode.lang.javascript; };
		839A069E1C5049060037AD9A /* fileStructure.txt */ = {isa = PBXFileReference; lastKnownFileType = text; name = fileStructure.txt; path = ../Docs/Code/fileStructure.txt; sourceTree = "<group>"; };
		839A06A01C50491A0037AD9A /* GoogleAPI.txt */ = {isa = PBXFileReference; lastKnownFileType = text; name = GoogleAPI.txt; path = ../Docs/Code/GoogleAPI.txt; sourceTree = "<group>"; };
		839A06A11C5049230037AD9A /* testCases.txt */ = {isa = PBXFileReference; lastKnownFileType = text; name = testCases.txt; path = ../Docs/Code/testCases.txt; sourceTree = "<group>"; };
		839A06A21C50492B0037AD9A /* Locks.txt */ = {isa = PBXFileReference; lastKnownFileType = text; name = Locks.txt; path = ../Docs/Code/Locks.txt; sourceTree = "<group>"; };
		83B0BEBE1C114935002B5735 /* GoogleCloudStorage.sjs */ = {isa = PBXFileReference; lastKnownFileType = text; path = GoogleCloudStorage.sjs; sourceTree = "<group>"; xcLanguageSpecificationIdentifier = xcode.lang.javascript; };
		83D1AE6E1D0BC30500353FE4 /* PSSharingInvitation.sjs */ = {isa = PBXFileReference; fileEncoding = 4; lastKnownFileType = text; path = PSSharingInvitation.sjs; sourceTree = "<group>"; xcLanguageSpecificationIdentifier = xcode.lang.javascript; };
		83DCA8EE1D7E74D7003CAB43 /* PSGlobalVersion.sjs */ = {isa = PBXFileReference; fileEncoding = 4; lastKnownFileType = text; path = PSGlobalVersion.sjs; sourceTree = "<group>"; xcLanguageSpecificationIdentifier = xcode.lang.javascript; };
		83EBF73A1C0A3BBE009F9796 /* index.js */ = {isa = PBXFileReference; lastKnownFileType = sourcecode.javascript; path = index.js; sourceTree = "<group>"; };
		83EBF73B1C0A3BBE009F9796 /* JSON.js */ = {isa = PBXFileReference; lastKnownFileType = sourcecode.javascript; path = JSON.js; sourceTree = "<group>"; };
		83EBF73C1C0A3BBE009F9796 /* Mongo.sjs */ = {isa = PBXFileReference; lastKnownFileType = text; path = Mongo.sjs; sourceTree = "<group>"; xcLanguageSpecificationIdentifier = xcode.lang.javascript; };
		83EBF73D1C0A3BBE009F9796 /* PSUserCredentials.sjs */ = {isa = PBXFileReference; lastKnownFileType = text; path = PSUserCredentials.sjs; sourceTree = "<group>"; xcLanguageSpecificationIdentifier = xcode.lang.javascript; };
		83EBF73E1C0A3BBE009F9796 /* ServerConstants.js */ = {isa = PBXFileReference; lastKnownFileType = sourcecode.javascript; path = ServerConstants.js; sourceTree = "<group>"; };
		83EBF73F1C0A3BBE009F9796 /* UserCredentials.sjs */ = {isa = PBXFileReference; lastKnownFileType = text; path = UserCredentials.sjs; sourceTree = "<group>"; xcLanguageSpecificationIdentifier = xcode.lang.javascript; };
		83EBF7661C0E890A009F9796 /* Operation.sjs */ = {isa = PBXFileReference; lastKnownFileType = text; path = Operation.sjs; sourceTree = "<group>"; xcLanguageSpecificationIdentifier = xcode.lang.javascript; };
		83EBF76D1C0E9E66009F9796 /* makeServerConstants.sh */ = {isa = PBXFileReference; lastKnownFileType = text.script.sh; name = makeServerConstants.sh; path = Scripts/makeServerConstants.sh; sourceTree = "<group>"; };
		83EBF76E1C0E9E66009F9796 /* startMongoDb.sh */ = {isa = PBXFileReference; lastKnownFileType = text.script.sh; name = startMongoDb.sh; path = Scripts/startMongoDb.sh; sourceTree = "<group>"; };
		83EBF76F1C0E9E66009F9796 /* startServer.sh */ = {isa = PBXFileReference; lastKnownFileType = text.script.sh; name = startServer.sh; path = Scripts/startServer.sh; sourceTree = "<group>"; };
		83F0728A1D152FF80089F967 /* Globals.sjs */ = {isa = PBXFileReference; fileEncoding = 4; lastKnownFileType = text; path = Globals.sjs; sourceTree = "<group>"; xcLanguageSpecificationIdentifier = xcode.lang.javascript; };
/* End PBXFileReference section */

/* Begin PBXGroup section */
		830A66FF1D0E0A4500E33EAA /* Facebook */ = {
			isa = PBXGroup;
			children = (
				830A67001D0E0A6700E33EAA /* FacebookUserCredentials.sjs */,
			);
			name = Facebook;
			sourceTree = "<group>";
		};
		832635A01D7BE04A00F04BC0 /* REST Entry Points */ = {
			isa = PBXGroup;
			children = (
				832635A91D7C9A8800F04BC0 /* Routes.sjs */,
				832635AB1D7C9A8800F04BC0 /* UserEP.sjs */,
				832635AA1D7C9A8800F04BC0 /* FileIndexEP.sjs */,
				832635A81D7C9A8800F04BC0 /* UploadEP.sjs */,
				832635AE1D7C9A8800F04BC0 /* DownloadEP.sjs */,
				832635AF1D7C9A8800F04BC0 /* OperationIdEP.sjs */,
				832635AC1D7C9A8800F04BC0 /* SharingEP.sjs */,
			);
			name = "REST Entry Points";
			sourceTree = "<group>";
		};
		833001981D86896F005310B8 /* DistributedLock */ = {
			isa = PBXGroup;
			children = (
				833001991D868D9D005310B8 /* index.js */,
				8330019A1D868D9D005310B8 /* model.js */,
			);
			name = DistributedLock;
			sourceTree = "<group>";
		};
		836F287D1C166CE500385636 /* Persistent Storage */ = {
			isa = PBXGroup;
			children = (
				836F287B1C13F68400385636 /* PSFileIndex.sjs */,
				83DCA8EE1D7E74D7003CAB43 /* PSGlobalVersion.sjs */,
				832635B51D7CD07100F04BC0 /* PSUpload.sjs */,
				83EBF73D1C0A3BBE009F9796 /* PSUserCredentials.sjs */,
				83D1AE6E1D0BC30500353FE4 /* PSSharingInvitation.sjs */,
			);
			name = "Persistent Storage";
			sourceTree = "<group>";
		};
		83A4F1D11C683AB30086B22F /* Owning and Sharing Users */ = {
			isa = PBXGroup;
			children = (
				83EBF73F1C0A3BBE009F9796 /* UserCredentials.sjs */,
				830A66FF1D0E0A4500E33EAA /* Facebook */,
				83A4F1D21C683B0F0086B22F /* Google Drive */,
			);
			name = "Owning and Sharing Users";
			sourceTree = "<group>";
		};
		83A4F1D21C683B0F0086B22F /* Google Drive */ = {
			isa = PBXGroup;
			children = (
				830A66FE1D0E04AB00E33EAA /* GoogleUserCredentials.sjs */,
				83B0BEBE1C114935002B5735 /* GoogleCloudStorage.sjs */,
			);
			name = "Google Drive";
			sourceTree = "<group>";
		};
		83EBF72E1C0A3B5B009F9796 = {
			isa = PBXGroup;
			children = (
				83EBF7691C0E8EDD009F9796 /* Docs */,
				83EBF7421C0A3BE6009F9796 /* Scripts */,
				83EBF7401C0A3BC3009F9796 /* Resources */,
				83EBF7391C0A3B8E009F9796 /* JS */,
			);
			sourceTree = "<group>";
		};
		83EBF7391C0A3B8E009F9796 /* JS */ = {
			isa = PBXGroup;
			children = (
				83EBF73A1C0A3BBE009F9796 /* index.js */,
				83EBF73E1C0A3BBE009F9796 /* ServerConstants.js */,
				832635A01D7BE04A00F04BC0 /* REST Entry Points */,
				836F287D1C166CE500385636 /* Persistent Storage */,
				83A4F1D11C683AB30086B22F /* Owning and Sharing Users */,
				836F28751C128D1D00385636 /* FileTransfers.sjs */,
				83EBF7661C0E890A009F9796 /* Operation.sjs */,
				836F28781C13758900385636 /* File.sjs */,
				838607841C459D7300EB2FAD /* ClientFile.sjs */,
				8369D3451CD8E458006DA33C /* Secrets.sjs */,
				83EBF73C1C0A3BBE009F9796 /* Mongo.sjs */,
				83EBF73B1C0A3BBE009F9796 /* JSON.js */,
				836F28791C13CCE300385636 /* Logger.js */,
				836F287E1C1679C900385636 /* Common.sjs */,
				83F0728A1D152FF80089F967 /* Globals.sjs */,
				833001981D86896F005310B8 /* DistributedLock */,
			);
			name = JS;
			sourceTree = "<group>";
		};
		83EBF7401C0A3BC3009F9796 /* Resources */ = {
			isa = PBXGroup;
			children = (
				836F28771C12DF1500385636 /* macros.sjs */,
			);
			name = Resources;
			sourceTree = "<group>";
		};
		83EBF7421C0A3BE6009F9796 /* Scripts */ = {
			isa = PBXGroup;
			children = (
				83EBF76D1C0E9E66009F9796 /* makeServerConstants.sh */,
				83EBF76E1C0E9E66009F9796 /* startMongoDb.sh */,
				83EBF76F1C0E9E66009F9796 /* startServer.sh */,
			);
			name = Scripts;
			sourceTree = "<group>";
		};
		83EBF7691C0E8EDD009F9796 /* Docs */ = {
			isa = PBXGroup;
			children = (
				839A069E1C5049060037AD9A /* fileStructure.txt */,
				839A06A01C50491A0037AD9A /* GoogleAPI.txt */,
				839A06A11C5049230037AD9A /* testCases.txt */,
				839A06A21C50492B0037AD9A /* Locks.txt */,
			);
			name = Docs;
			sourceTree = "<group>";
		};
/* End PBXGroup section */

/* Begin PBXLegacyTarget section */
		83EBF7331C0A3B5B009F9796 /* Server */ = {
			isa = PBXLegacyTarget;
			buildArgumentsString = "$(ACTION)";
			buildConfigurationList = 83EBF7361C0A3B5B009F9796 /* Build configuration list for PBXLegacyTarget "Server" */;
			buildPhases = (
			);
			buildToolPath = /usr/bin/make;
			dependencies = (
			);
			name = Server;
			passBuildSettingsInEnvironment = 1;
			productName = Server;
		};
/* End PBXLegacyTarget section */

/* Begin PBXProject section */
		83EBF72F1C0A3B5B009F9796 /* Project object */ = {
			isa = PBXProject;
			attributes = {
				LastUpgradeCheck = 0710;
				ORGANIZATIONNAME = "Christopher Prince";
				TargetAttributes = {
					83EBF7331C0A3B5B009F9796 = {
						CreatedOnToolsVersion = 7.1.1;
					};
				};
			};
			buildConfigurationList = 83EBF7321C0A3B5B009F9796 /* Build configuration list for PBXProject "Server" */;
			compatibilityVersion = "Xcode 3.2";
			developmentRegion = English;
			hasScannedForEncodings = 0;
			knownRegions = (
				en,
			);
			mainGroup = 83EBF72E1C0A3B5B009F9796;
			projectDirPath = "";
			projectRoot = "";
			targets = (
				83EBF7331C0A3B5B009F9796 /* Server */,
			);
		};
/* End PBXProject section */

/* Begin XCBuildConfiguration section */
		83EBF7341C0A3B5B009F9796 /* Debug */ = {
			isa = XCBuildConfiguration;
			buildSettings = {
				ALWAYS_SEARCH_USER_PATHS = NO;
				CLANG_CXX_LANGUAGE_STANDARD = "gnu++0x";
				CLANG_CXX_LIBRARY = "libc++";
				CLANG_ENABLE_MODULES = YES;
				CLANG_ENABLE_OBJC_ARC = YES;
				CLANG_WARN_BOOL_CONVERSION = YES;
				CLANG_WARN_CONSTANT_CONVERSION = YES;
				CLANG_WARN_DIRECT_OBJC_ISA_USAGE = YES_ERROR;
				CLANG_WARN_EMPTY_BODY = YES;
				CLANG_WARN_ENUM_CONVERSION = YES;
				CLANG_WARN_INT_CONVERSION = YES;
				CLANG_WARN_OBJC_ROOT_CLASS = YES_ERROR;
				CLANG_WARN_UNREACHABLE_CODE = YES;
				CLANG_WARN__DUPLICATE_METHOD_MATCH = YES;
				COPY_PHASE_STRIP = NO;
				DEBUG_INFORMATION_FORMAT = dwarf;
				ENABLE_STRICT_OBJC_MSGSEND = YES;
				ENABLE_TESTABILITY = YES;
				GCC_C_LANGUAGE_STANDARD = gnu99;
				GCC_DYNAMIC_NO_PIC = NO;
				GCC_NO_COMMON_BLOCKS = YES;
				GCC_OPTIMIZATION_LEVEL = 0;
				GCC_PREPROCESSOR_DEFINITIONS = (
					"DEBUG=1",
					"$(inherited)",
				);
				GCC_WARN_64_TO_32_BIT_CONVERSION = YES;
				GCC_WARN_ABOUT_RETURN_TYPE = YES_ERROR;
				GCC_WARN_UNDECLARED_SELECTOR = YES;
				GCC_WARN_UNINITIALIZED_AUTOS = YES_AGGRESSIVE;
				GCC_WARN_UNUSED_FUNCTION = YES;
				GCC_WARN_UNUSED_VARIABLE = YES;
				MTL_ENABLE_DEBUG_INFO = YES;
				ONLY_ACTIVE_ARCH = YES;
			};
			name = Debug;
		};
		83EBF7351C0A3B5B009F9796 /* Release */ = {
			isa = XCBuildConfiguration;
			buildSettings = {
				ALWAYS_SEARCH_USER_PATHS = NO;
				CLANG_CXX_LANGUAGE_STANDARD = "gnu++0x";
				CLANG_CXX_LIBRARY = "libc++";
				CLANG_ENABLE_MODULES = YES;
				CLANG_ENABLE_OBJC_ARC = YES;
				CLANG_WARN_BOOL_CONVERSION = YES;
				CLANG_WARN_CONSTANT_CONVERSION = YES;
				CLANG_WARN_DIRECT_OBJC_ISA_USAGE = YES_ERROR;
				CLANG_WARN_EMPTY_BODY = YES;
				CLANG_WARN_ENUM_CONVERSION = YES;
				CLANG_WARN_INT_CONVERSION = YES;
				CLANG_WARN_OBJC_ROOT_CLASS = YES_ERROR;
				CLANG_WARN_UNREACHABLE_CODE = YES;
				CLANG_WARN__DUPLICATE_METHOD_MATCH = YES;
				COPY_PHASE_STRIP = NO;
				DEBUG_INFORMATION_FORMAT = "dwarf-with-dsym";
				ENABLE_NS_ASSERTIONS = NO;
				ENABLE_STRICT_OBJC_MSGSEND = YES;
				GCC_C_LANGUAGE_STANDARD = gnu99;
				GCC_NO_COMMON_BLOCKS = YES;
				GCC_WARN_64_TO_32_BIT_CONVERSION = YES;
				GCC_WARN_ABOUT_RETURN_TYPE = YES_ERROR;
				GCC_WARN_UNDECLARED_SELECTOR = YES;
				GCC_WARN_UNINITIALIZED_AUTOS = YES_AGGRESSIVE;
				GCC_WARN_UNUSED_FUNCTION = YES;
				GCC_WARN_UNUSED_VARIABLE = YES;
				MTL_ENABLE_DEBUG_INFO = NO;
			};
			name = Release;
		};
		83EBF7371C0A3B5B009F9796 /* Debug */ = {
			isa = XCBuildConfiguration;
			buildSettings = {
				DEBUGGING_SYMBOLS = YES;
				DEBUG_INFORMATION_FORMAT = dwarf;
				GCC_GENERATE_DEBUGGING_SYMBOLS = YES;
				GCC_OPTIMIZATION_LEVEL = 0;
				OTHER_CFLAGS = "";
				OTHER_LDFLAGS = "";
				PRODUCT_NAME = "$(TARGET_NAME)";
			};
			name = Debug;
		};
		83EBF7381C0A3B5B009F9796 /* Release */ = {
			isa = XCBuildConfiguration;
			buildSettings = {
				DEBUG_INFORMATION_FORMAT = "dwarf-with-dsym";
				OTHER_CFLAGS = "";
				OTHER_LDFLAGS = "";
				PRODUCT_NAME = "$(TARGET_NAME)";
			};
			name = Release;
		};
/* End XCBuildConfiguration section */

/* Begin XCConfigurationList section */
		83EBF7321C0A3B5B009F9796 /* Build configuration list for PBXProject "Server" */ = {
			isa = XCConfigurationList;
			buildConfigurations = (
				83EBF7341C0A3B5B009F9796 /* Debug */,
				83EBF7351C0A3B5B009F9796 /* Release */,
			);
			defaultConfigurationIsVisible = 0;
			defaultConfigurationName = Release;
		};
		83EBF7361C0A3B5B009F9796 /* Build configuration list for PBXLegacyTarget "Server" */ = {
			isa = XCConfigurationList;
			buildConfigurations = (
				83EBF7371C0A3B5B009F9796 /* Debug */,
				83EBF7381C0A3B5B009F9796 /* Release */,
			);
			defaultConfigurationIsVisible = 0;
			defaultConfigurationName = Release;
		};
/* End XCConfigurationList section */
	};
	rootObject = 83EBF72F1C0A3B5B009F9796 /* Project object */;
}
